// !$*UTF8*$!
{
	archiveVersion = 1;
	classes = {
	};
	objectVersion = 50;
	objects = {

/* Begin PBXBuildFile section */
		EE51957924A39BD200F71F5C /* AppDelegate.swift in Sources */ = {isa = PBXBuildFile; fileRef = EE51957824A39BD200F71F5C /* AppDelegate.swift */; };
		EE51957B24A39BD200F71F5C /* SceneDelegate.swift in Sources */ = {isa = PBXBuildFile; fileRef = EE51957A24A39BD200F71F5C /* SceneDelegate.swift */; };
		EE51957D24A39BD200F71F5C /* MainViewController.swift in Sources */ = {isa = PBXBuildFile; fileRef = EE51957C24A39BD200F71F5C /* MainViewController.swift */; };
		EE51958024A39BD200F71F5C /* Main.storyboard in Resources */ = {isa = PBXBuildFile; fileRef = EE51957E24A39BD200F71F5C /* Main.storyboard */; };
		EE51958224A39BD500F71F5C /* Assets.xcassets in Resources */ = {isa = PBXBuildFile; fileRef = EE51958124A39BD500F71F5C /* Assets.xcassets */; };
		EE51958524A39BD500F71F5C /* LaunchScreen.storyboard in Resources */ = {isa = PBXBuildFile; fileRef = EE51958324A39BD500F71F5C /* LaunchScreen.storyboard */; };
		EE51958D24A39C2500F71F5C /* DateManager.swift in Sources */ = {isa = PBXBuildFile; fileRef = EE51958C24A39C2500F71F5C /* DateManager.swift */; };
		EE51958F24A39DBC00F71F5C /* MoneyCategory.swift in Sources */ = {isa = PBXBuildFile; fileRef = EE51958E24A39DBC00F71F5C /* MoneyCategory.swift */; };
		EE51959424A3AD0400F71F5C /* Purchases.swift in Sources */ = {isa = PBXBuildFile; fileRef = EE51959324A3AD0400F71F5C /* Purchases.swift */; };
		EE51959624A3B40D00F71F5C /* MainNavigationBarIB.xib in Resources */ = {isa = PBXBuildFile; fileRef = EE51959524A3B40D00F71F5C /* MainNavigationBarIB.xib */; };
		EE51959924A3CDDB00F71F5C /* MainNavigationBar.swift in Sources */ = {isa = PBXBuildFile; fileRef = EE51959824A3CDDB00F71F5C /* MainNavigationBar.swift */; };
		EE93DB2C24A7A28A003F01DA /* Valute.swift in Sources */ = {isa = PBXBuildFile; fileRef = EE93DB2B24A7A28A003F01DA /* Valute.swift */; };
		EE93DB3124A8FE11003F01DA /* PurchasesCategoryCollectionViewCell.swift in Sources */ = {isa = PBXBuildFile; fileRef = EE93DB2F24A8FE11003F01DA /* PurchasesCategoryCollectionViewCell.swift */; };
		EE93DB3224A8FE11003F01DA /* PurchasesCategoryCollectionViewCell.xib in Resources */ = {isa = PBXBuildFile; fileRef = EE93DB3024A8FE11003F01DA /* PurchasesCategoryCollectionViewCell.xib */; };
		EEF7AB1C24A4F9A800FE5694 /* MoneyCategoryCollectionViewCell.swift in Sources */ = {isa = PBXBuildFile; fileRef = EEF7AB1A24A4F9A800FE5694 /* MoneyCategoryCollectionViewCell.swift */; };
		EEF7AB1D24A4F9A800FE5694 /* MoneyCategoryCollectionViewCell.xib in Resources */ = {isa = PBXBuildFile; fileRef = EEF7AB1B24A4F9A800FE5694 /* MoneyCategoryCollectionViewCell.xib */; };
		EEF813FD24A48C63003C7F0C /* PurchasesCategory.swift in Sources */ = {isa = PBXBuildFile; fileRef = EEF813FC24A48C63003C7F0C /* PurchasesCategory.swift */; };
/* End PBXBuildFile section */

/* Begin PBXFileReference section */
		EE51957524A39BD200F71F5C /* SaveMoney.app */ = {isa = PBXFileReference; explicitFileType = wrapper.application; includeInIndex = 0; path = SaveMoney.app; sourceTree = BUILT_PRODUCTS_DIR; };
		EE51957824A39BD200F71F5C /* AppDelegate.swift */ = {isa = PBXFileReference; lastKnownFileType = sourcecode.swift; path = AppDelegate.swift; sourceTree = "<group>"; };
		EE51957A24A39BD200F71F5C /* SceneDelegate.swift */ = {isa = PBXFileReference; lastKnownFileType = sourcecode.swift; path = SceneDelegate.swift; sourceTree = "<group>"; };
		EE51957C24A39BD200F71F5C /* MainViewController.swift */ = {isa = PBXFileReference; lastKnownFileType = sourcecode.swift; path = MainViewController.swift; sourceTree = "<group>"; };
		EE51957F24A39BD200F71F5C /* Base */ = {isa = PBXFileReference; lastKnownFileType = file.storyboard; name = Base; path = Base.lproj/Main.storyboard; sourceTree = "<group>"; };
		EE51958124A39BD500F71F5C /* Assets.xcassets */ = {isa = PBXFileReference; lastKnownFileType = folder.assetcatalog; path = Assets.xcassets; sourceTree = "<group>"; };
		EE51958424A39BD500F71F5C /* Base */ = {isa = PBXFileReference; lastKnownFileType = file.storyboard; name = Base; path = Base.lproj/LaunchScreen.storyboard; sourceTree = "<group>"; };
		EE51958624A39BD500F71F5C /* Info.plist */ = {isa = PBXFileReference; lastKnownFileType = text.plist.xml; path = Info.plist; sourceTree = "<group>"; };
		EE51958C24A39C2500F71F5C /* DateManager.swift */ = {isa = PBXFileReference; lastKnownFileType = sourcecode.swift; path = DateManager.swift; sourceTree = "<group>"; };
		EE51958E24A39DBC00F71F5C /* MoneyCategory.swift */ = {isa = PBXFileReference; lastKnownFileType = sourcecode.swift; path = MoneyCategory.swift; sourceTree = "<group>"; };
		EE51959324A3AD0400F71F5C /* Purchases.swift */ = {isa = PBXFileReference; lastKnownFileType = sourcecode.swift; path = Purchases.swift; sourceTree = "<group>"; };
		EE51959524A3B40D00F71F5C /* MainNavigationBarIB.xib */ = {isa = PBXFileReference; lastKnownFileType = file.xib; path = MainNavigationBarIB.xib; sourceTree = "<group>"; };
		EE51959824A3CDDB00F71F5C /* MainNavigationBar.swift */ = {isa = PBXFileReference; lastKnownFileType = sourcecode.swift; path = MainNavigationBar.swift; sourceTree = "<group>"; };
		EE93DB2B24A7A28A003F01DA /* Valute.swift */ = {isa = PBXFileReference; lastKnownFileType = sourcecode.swift; path = Valute.swift; sourceTree = "<group>"; };
		EE93DB2F24A8FE11003F01DA /* PurchasesCategoryCollectionViewCell.swift */ = {isa = PBXFileReference; lastKnownFileType = sourcecode.swift; path = PurchasesCategoryCollectionViewCell.swift; sourceTree = "<group>"; };
		EE93DB3024A8FE11003F01DA /* PurchasesCategoryCollectionViewCell.xib */ = {isa = PBXFileReference; lastKnownFileType = file.xib; path = PurchasesCategoryCollectionViewCell.xib; sourceTree = "<group>"; };
		EEF7AB1A24A4F9A800FE5694 /* MoneyCategoryCollectionViewCell.swift */ = {isa = PBXFileReference; lastKnownFileType = sourcecode.swift; path = MoneyCategoryCollectionViewCell.swift; sourceTree = "<group>"; };
		EEF7AB1B24A4F9A800FE5694 /* MoneyCategoryCollectionViewCell.xib */ = {isa = PBXFileReference; lastKnownFileType = file.xib; path = MoneyCategoryCollectionViewCell.xib; sourceTree = "<group>"; };
		EEF813FC24A48C63003C7F0C /* PurchasesCategory.swift */ = {isa = PBXFileReference; lastKnownFileType = sourcecode.swift; path = PurchasesCategory.swift; sourceTree = "<group>"; };
/* End PBXFileReference section */

/* Begin PBXFrameworksBuildPhase section */
		EE51957224A39BD200F71F5C /* Frameworks */ = {
			isa = PBXFrameworksBuildPhase;
			buildActionMask = 2147483647;
			files = (
			);
			runOnlyForDeploymentPostprocessing = 0;
		};
/* End PBXFrameworksBuildPhase section */

/* Begin PBXGroup section */
		EE51956C24A39BD200F71F5C = {
			isa = PBXGroup;
			children = (
				EE51957724A39BD200F71F5C /* SaveMoney */,
				EE51957624A39BD200F71F5C /* Products */,
			);
			sourceTree = "<group>";
		};
		EE51957624A39BD200F71F5C /* Products */ = {
			isa = PBXGroup;
			children = (
				EE51957524A39BD200F71F5C /* SaveMoney.app */,
			);
			name = Products;
			sourceTree = "<group>";
		};
		EE51957724A39BD200F71F5C /* SaveMoney */ = {
			isa = PBXGroup;
			children = (
				EE51957824A39BD200F71F5C /* AppDelegate.swift */,
				EE51957A24A39BD200F71F5C /* SceneDelegate.swift */,
				EE51957C24A39BD200F71F5C /* MainViewController.swift */,
				EE51958C24A39C2500F71F5C /* DateManager.swift */,
				EE51959024A39F5B00F71F5C /* Models */,
				EE51957E24A39BD200F71F5C /* Main.storyboard */,
				EE93DB3324A8FE17003F01DA /* PurchasesCategoryCollectionCell */,
				EE51959724A3B41C00F71F5C /* MainNavigationControoler */,
				EE51958124A39BD500F71F5C /* Assets.xcassets */,
				EEF7AB1E24A4F9AD00FE5694 /* MoneyCategoryCell */,
				EE51958324A39BD500F71F5C /* LaunchScreen.storyboard */,
				EE51958624A39BD500F71F5C /* Info.plist */,
			);
			path = SaveMoney;
			sourceTree = "<group>";
		};
		EE51959024A39F5B00F71F5C /* Models */ = {
			isa = PBXGroup;
			children = (
				EE51958E24A39DBC00F71F5C /* MoneyCategory.swift */,
				EEF813FC24A48C63003C7F0C /* PurchasesCategory.swift */,
				EE51959324A3AD0400F71F5C /* Purchases.swift */,
				EE93DB2B24A7A28A003F01DA /* Valute.swift */,
			);
			path = Models;
			sourceTree = "<group>";
		};
		EE51959724A3B41C00F71F5C /* MainNavigationControoler */ = {
			isa = PBXGroup;
			children = (
				EE51959524A3B40D00F71F5C /* MainNavigationBarIB.xib */,
				EE51959824A3CDDB00F71F5C /* MainNavigationBar.swift */,
			);
			path = MainNavigationControoler;
			sourceTree = "<group>";
		};
		EE93DB3324A8FE17003F01DA /* PurchasesCategoryCollectionCell */ = {
			isa = PBXGroup;
			children = (
				EE93DB2F24A8FE11003F01DA /* PurchasesCategoryCollectionViewCell.swift */,
				EE93DB3024A8FE11003F01DA /* PurchasesCategoryCollectionViewCell.xib */,
			);
			path = PurchasesCategoryCollectionCell;
			sourceTree = "<group>";
		};
		EEF7AB1E24A4F9AD00FE5694 /* MoneyCategoryCell */ = {
			isa = PBXGroup;
			children = (
				EEF7AB1A24A4F9A800FE5694 /* MoneyCategoryCollectionViewCell.swift */,
				EEF7AB1B24A4F9A800FE5694 /* MoneyCategoryCollectionViewCell.xib */,
			);
			path = MoneyCategoryCell;
			sourceTree = "<group>";
		};
/* End PBXGroup section */

/* Begin PBXNativeTarget section */
		EE51957424A39BD200F71F5C /* SaveMoney */ = {
			isa = PBXNativeTarget;
			buildConfigurationList = EE51958924A39BD500F71F5C /* Build configuration list for PBXNativeTarget "SaveMoney" */;
			buildPhases = (
				EE51957124A39BD200F71F5C /* Sources */,
				EE51957224A39BD200F71F5C /* Frameworks */,
				EE51957324A39BD200F71F5C /* Resources */,
			);
			buildRules = (
			);
			dependencies = (
			);
			name = SaveMoney;
			productName = SaveMoney;
			productReference = EE51957524A39BD200F71F5C /* SaveMoney.app */;
			productType = "com.apple.product-type.application";
		};
/* End PBXNativeTarget section */

/* Begin PBXProject section */
		EE51956D24A39BD200F71F5C /* Project object */ = {
			isa = PBXProject;
			attributes = {
				LastSwiftUpdateCheck = 1140;
				LastUpgradeCheck = 1140;
				ORGANIZATIONNAME = "Кирилл Крамар";
				TargetAttributes = {
					EE51957424A39BD200F71F5C = {
						CreatedOnToolsVersion = 11.4;
					};
				};
			};
			buildConfigurationList = EE51957024A39BD200F71F5C /* Build configuration list for PBXProject "SaveMoney" */;
			compatibilityVersion = "Xcode 9.3";
			developmentRegion = en;
			hasScannedForEncodings = 0;
			knownRegions = (
				en,
				Base,
			);
			mainGroup = EE51956C24A39BD200F71F5C;
			productRefGroup = EE51957624A39BD200F71F5C /* Products */;
			projectDirPath = "";
			projectRoot = "";
			targets = (
				EE51957424A39BD200F71F5C /* SaveMoney */,
			);
		};
/* End PBXProject section */

/* Begin PBXResourcesBuildPhase section */
		EE51957324A39BD200F71F5C /* Resources */ = {
			isa = PBXResourcesBuildPhase;
			buildActionMask = 2147483647;
			files = (
				EE51958524A39BD500F71F5C /* LaunchScreen.storyboard in Resources */,
				EEF7AB1D24A4F9A800FE5694 /* MoneyCategoryCollectionViewCell.xib in Resources */,
				EE51958224A39BD500F71F5C /* Assets.xcassets in Resources */,
				EE93DB3224A8FE11003F01DA /* PurchasesCategoryCollectionViewCell.xib in Resources */,
				EE51959624A3B40D00F71F5C /* MainNavigationBarIB.xib in Resources */,
				EE51958024A39BD200F71F5C /* Main.storyboard in Resources */,
			);
			runOnlyForDeploymentPostprocessing = 0;
		};
/* End PBXResourcesBuildPhase section */

/* Begin PBXSourcesBuildPhase section */
		EE51957124A39BD200F71F5C /* Sources */ = {
			isa = PBXSourcesBuildPhase;
			buildActionMask = 2147483647;
			files = (
				EE51959424A3AD0400F71F5C /* Purchases.swift in Sources */,
				EE51957D24A39BD200F71F5C /* MainViewController.swift in Sources */,
				EE51958D24A39C2500F71F5C /* DateManager.swift in Sources */,
				EE51957924A39BD200F71F5C /* AppDelegate.swift in Sources */,
				EE93DB2C24A7A28A003F01DA /* Valute.swift in Sources */,
				EE51959924A3CDDB00F71F5C /* MainNavigationBar.swift in Sources */,
				EE93DB3124A8FE11003F01DA /* PurchasesCategoryCollectionViewCell.swift in Sources */,
				EE51958F24A39DBC00F71F5C /* MoneyCategory.swift in Sources */,
				EEF813FD24A48C63003C7F0C /* PurchasesCategory.swift in Sources */,
				EE51957B24A39BD200F71F5C /* SceneDelegate.swift in Sources */,
				EEF7AB1C24A4F9A800FE5694 /* MoneyCategoryCollectionViewCell.swift in Sources */,
			);
			runOnlyForDeploymentPostprocessing = 0;
		};
/* End PBXSourcesBuildPhase section */

/* Begin PBXVariantGroup section */
		EE51957E24A39BD200F71F5C /* Main.storyboard */ = {
			isa = PBXVariantGroup;
			children = (
				EE51957F24A39BD200F71F5C /* Base */,
			);
			name = Main.storyboard;
			sourceTree = "<group>";
		};
		EE51958324A39BD500F71F5C /* LaunchScreen.storyboard */ = {
			isa = PBXVariantGroup;
			children = (
				EE51958424A39BD500F71F5C /* Base */,
			);
			name = LaunchScreen.storyboard;
			sourceTree = "<group>";
		};
/* End PBXVariantGroup section */

/* Begin XCBuildConfiguration section */
		EE51958724A39BD500F71F5C /* Debug */ = {
			isa = XCBuildConfiguration;
			buildSettings = {
				ALWAYS_SEARCH_USER_PATHS = NO;
				CLANG_ANALYZER_NONNULL = YES;
				CLANG_ANALYZER_NUMBER_OBJECT_CONVERSION = YES_AGGRESSIVE;
				CLANG_CXX_LANGUAGE_STANDARD = "gnu++14";
				CLANG_CXX_LIBRARY = "libc++";
				CLANG_ENABLE_MODULES = YES;
				CLANG_ENABLE_OBJC_ARC = YES;
				CLANG_ENABLE_OBJC_WEAK = YES;
				CLANG_WARN_BLOCK_CAPTURE_AUTORELEASING = YES;
				CLANG_WARN_BOOL_CONVERSION = YES;
				CLANG_WARN_COMMA = YES;
				CLANG_WARN_CONSTANT_CONVERSION = YES;
				CLANG_WARN_DEPRECATED_OBJC_IMPLEMENTATIONS = YES;
				CLANG_WARN_DIRECT_OBJC_ISA_USAGE = YES_ERROR;
				CLANG_WARN_DOCUMENTATION_COMMENTS = YES;
				CLANG_WARN_EMPTY_BODY = YES;
				CLANG_WARN_ENUM_CONVERSION = YES;
				CLANG_WARN_INFINITE_RECURSION = YES;
				CLANG_WARN_INT_CONVERSION = YES;
				CLANG_WARN_NON_LITERAL_NULL_CONVERSION = YES;
				CLANG_WARN_OBJC_IMPLICIT_RETAIN_SELF = YES;
				CLANG_WARN_OBJC_LITERAL_CONVERSION = YES;
				CLANG_WARN_OBJC_ROOT_CLASS = YES_ERROR;
				CLANG_WARN_RANGE_LOOP_ANALYSIS = YES;
				CLANG_WARN_STRICT_PROTOTYPES = YES;
				CLANG_WARN_SUSPICIOUS_MOVE = YES;
				CLANG_WARN_UNGUARDED_AVAILABILITY = YES_AGGRESSIVE;
				CLANG_WARN_UNREACHABLE_CODE = YES;
				CLANG_WARN__DUPLICATE_METHOD_MATCH = YES;
				COPY_PHASE_STRIP = NO;
				DEBUG_INFORMATION_FORMAT = dwarf;
				ENABLE_STRICT_OBJC_MSGSEND = YES;
				ENABLE_TESTABILITY = YES;
				GCC_C_LANGUAGE_STANDARD = gnu11;
				GCC_DYNAMIC_NO_PIC = NO;
				GCC_NO_COMMON_BLOCKS = YES;
				GCC_OPTIMIZATION_LEVEL = 0;
				GCC_PREPROCESSOR_DEFINITIONS = (
					"DEBUG=1",
					"$(inherited)",
				);
				GCC_WARN_64_TO_32_BIT_CONVERSION = YES;
				GCC_WARN_ABOUT_RETURN_TYPE = YES_ERROR;
				GCC_WARN_UNDECLARED_SELECTOR = YES;
				GCC_WARN_UNINITIALIZED_AUTOS = YES_AGGRESSIVE;
				GCC_WARN_UNUSED_FUNCTION = YES;
				GCC_WARN_UNUSED_VARIABLE = YES;
				IPHONEOS_DEPLOYMENT_TARGET = 13.4;
				MTL_ENABLE_DEBUG_INFO = INCLUDE_SOURCE;
				MTL_FAST_MATH = YES;
				ONLY_ACTIVE_ARCH = YES;
				SDKROOT = iphoneos;
				SWIFT_ACTIVE_COMPILATION_CONDITIONS = DEBUG;
				SWIFT_OPTIMIZATION_LEVEL = "-Onone";
			};
			name = Debug;
		};
		EE51958824A39BD500F71F5C /* Release */ = {
			isa = XCBuildConfiguration;
			buildSettings = {
				ALWAYS_SEARCH_USER_PATHS = NO;
				CLANG_ANALYZER_NONNULL = YES;
				CLANG_ANALYZER_NUMBER_OBJECT_CONVERSION = YES_AGGRESSIVE;
				CLANG_CXX_LANGUAGE_STANDARD = "gnu++14";
				CLANG_CXX_LIBRARY = "libc++";
				CLANG_ENABLE_MODULES = YES;
				CLANG_ENABLE_OBJC_ARC = YES;
				CLANG_ENABLE_OBJC_WEAK = YES;
				CLANG_WARN_BLOCK_CAPTURE_AUTORELEASING = YES;
				CLANG_WARN_BOOL_CONVERSION = YES;
				CLANG_WARN_COMMA = YES;
				CLANG_WARN_CONSTANT_CONVERSION = YES;
				CLANG_WARN_DEPRECATED_OBJC_IMPLEMENTATIONS = YES;
				CLANG_WARN_DIRECT_OBJC_ISA_USAGE = YES_ERROR;
				CLANG_WARN_DOCUMENTATION_COMMENTS = YES;
				CLANG_WARN_EMPTY_BODY = YES;
				CLANG_WARN_ENUM_CONVERSION = YES;
				CLANG_WARN_INFINITE_RECURSION = YES;
				CLANG_WARN_INT_CONVERSION = YES;
				CLANG_WARN_NON_LITERAL_NULL_CONVERSION = YES;
				CLANG_WARN_OBJC_IMPLICIT_RETAIN_SELF = YES;
				CLANG_WARN_OBJC_LITERAL_CONVERSION = YES;
				CLANG_WARN_OBJC_ROOT_CLASS = YES_ERROR;
				CLANG_WARN_RANGE_LOOP_ANALYSIS = YES;
				CLANG_WARN_STRICT_PROTOTYPES = YES;
				CLANG_WARN_SUSPICIOUS_MOVE = YES;
				CLANG_WARN_UNGUARDED_AVAILABILITY = YES_AGGRESSIVE;
				CLANG_WARN_UNREACHABLE_CODE = YES;
				CLANG_WARN__DUPLICATE_METHOD_MATCH = YES;
				COPY_PHASE_STRIP = NO;
				DEBUG_INFORMATION_FORMAT = "dwarf-with-dsym";
				ENABLE_NS_ASSERTIONS = NO;
				ENABLE_STRICT_OBJC_MSGSEND = YES;
				GCC_C_LANGUAGE_STANDARD = gnu11;
				GCC_NO_COMMON_BLOCKS = YES;
				GCC_WARN_64_TO_32_BIT_CONVERSION = YES;
				GCC_WARN_ABOUT_RETURN_TYPE = YES_ERROR;
				GCC_WARN_UNDECLARED_SELECTOR = YES;
				GCC_WARN_UNINITIALIZED_AUTOS = YES_AGGRESSIVE;
				GCC_WARN_UNUSED_FUNCTION = YES;
				GCC_WARN_UNUSED_VARIABLE = YES;
				IPHONEOS_DEPLOYMENT_TARGET = 13.4;
				MTL_ENABLE_DEBUG_INFO = NO;
				MTL_FAST_MATH = YES;
				SDKROOT = iphoneos;
				SWIFT_COMPILATION_MODE = wholemodule;
				SWIFT_OPTIMIZATION_LEVEL = "-O";
				VALIDATE_PRODUCT = YES;
			};
			name = Release;
		};
		EE51958A24A39BD500F71F5C /* Debug */ = {
			isa = XCBuildConfiguration;
			buildSettings = {
				ASSETCATALOG_COMPILER_APPICON_NAME = AppIcon;
				CODE_SIGN_STYLE = Automatic;
				INFOPLIST_FILE = SaveMoney/Info.plist;
				LD_RUNPATH_SEARCH_PATHS = (
					"$(inherited)",
					"@executable_path/Frameworks",
				);
				PRODUCT_BUNDLE_IDENTIFIER = cnecie.SaveMoney;
				PRODUCT_NAME = "$(TARGET_NAME)";
				SWIFT_VERSION = 5.0;
				TARGETED_DEVICE_FAMILY = "1,2";
			};
			name = Debug;
		};
		EE51958B24A39BD500F71F5C /* Release */ = {
			isa = XCBuildConfiguration;
			buildSettings = {
				ASSETCATALOG_COMPILER_APPICON_NAME = AppIcon;
				CODE_SIGN_STYLE = Automatic;
				INFOPLIST_FILE = SaveMoney/Info.plist;
				LD_RUNPATH_SEARCH_PATHS = (
					"$(inherited)",
					"@executable_path/Frameworks",
				);
				PRODUCT_BUNDLE_IDENTIFIER = cnecie.SaveMoney;
				PRODUCT_NAME = "$(TARGET_NAME)";
				SWIFT_VERSION = 5.0;
				TARGETED_DEVICE_FAMILY = "1,2";
			};
			name = Release;
		};
/* End XCBuildConfiguration section */

/* Begin XCConfigurationList section */
		EE51957024A39BD200F71F5C /* Build configuration list for PBXProject "SaveMoney" */ = {
			isa = XCConfigurationList;
			buildConfigurations = (
				EE51958724A39BD500F71F5C /* Debug */,
				EE51958824A39BD500F71F5C /* Release */,
			);
			defaultConfigurationIsVisible = 0;
			defaultConfigurationName = Release;
		};
		EE51958924A39BD500F71F5C /* Build configuration list for PBXNativeTarget "SaveMoney" */ = {
			isa = XCConfigurationList;
			buildConfigurations = (
				EE51958A24A39BD500F71F5C /* Debug */,
				EE51958B24A39BD500F71F5C /* Release */,
			);
			defaultConfigurationIsVisible = 0;
			defaultConfigurationName = Release;
		};
/* End XCConfigurationList section */
	};
	rootObject = EE51956D24A39BD200F71F5C /* Project object */;
}
