// !$*UTF8*$!
{
	archiveVersion = 1;
	classes = {
	};
	objectVersion = 51;
	objects = {

/* Begin PBXBuildFile section */
		2972930C9310D2B2FCC3E5D0 /* Pods_SaveMoney.framework in Frameworks */ = {isa = PBXBuildFile; fileRef = 673CF28F2CEE3E899DAAB31D /* Pods_SaveMoney.framework */; };
		EE08EB1524C6EFF600626AEB /* AddMoneyActionNavigationBar.swift in Sources */ = {isa = PBXBuildFile; fileRef = EE08EB1424C6EFF600626AEB /* AddMoneyActionNavigationBar.swift */; };
		EE3930DC24D98C80001B49D6 /* Extension + Double.swift in Sources */ = {isa = PBXBuildFile; fileRef = EE3930DB24D98C80001B49D6 /* Extension + Double.swift */; };
		EE40732824CDDE8900F52FE1 /* CalculaterScreen.swift in Sources */ = {isa = PBXBuildFile; fileRef = EE40732724CDDE8900F52FE1 /* CalculaterScreen.swift */; };
		EE40732A24CDDEA500F52FE1 /* CalculaterScreenIB.xib in Resources */ = {isa = PBXBuildFile; fileRef = EE40732924CDDEA500F52FE1 /* CalculaterScreenIB.xib */; };
		EE51957924A39BD200F71F5C /* AppDelegate.swift in Sources */ = {isa = PBXBuildFile; fileRef = EE51957824A39BD200F71F5C /* AppDelegate.swift */; };
		EE51957B24A39BD200F71F5C /* SceneDelegate.swift in Sources */ = {isa = PBXBuildFile; fileRef = EE51957A24A39BD200F71F5C /* SceneDelegate.swift */; };
		EE51957D24A39BD200F71F5C /* MainViewController.swift in Sources */ = {isa = PBXBuildFile; fileRef = EE51957C24A39BD200F71F5C /* MainViewController.swift */; };
		EE51958024A39BD200F71F5C /* Main.storyboard in Resources */ = {isa = PBXBuildFile; fileRef = EE51957E24A39BD200F71F5C /* Main.storyboard */; };
		EE51958224A39BD500F71F5C /* Assets.xcassets in Resources */ = {isa = PBXBuildFile; fileRef = EE51958124A39BD500F71F5C /* Assets.xcassets */; };
		EE51958524A39BD500F71F5C /* LaunchScreen.storyboard in Resources */ = {isa = PBXBuildFile; fileRef = EE51958324A39BD500F71F5C /* LaunchScreen.storyboard */; };
		EE51958F24A39DBC00F71F5C /* MoneyCategory.swift in Sources */ = {isa = PBXBuildFile; fileRef = EE51958E24A39DBC00F71F5C /* MoneyCategory.swift */; };
		EE51959624A3B40D00F71F5C /* MainNavigationBarIB.xib in Resources */ = {isa = PBXBuildFile; fileRef = EE51959524A3B40D00F71F5C /* MainNavigationBarIB.xib */; };
		EE51959924A3CDDB00F71F5C /* MainNavigationBar.swift in Sources */ = {isa = PBXBuildFile; fileRef = EE51959824A3CDDB00F71F5C /* MainNavigationBar.swift */; };
		EE6EB2C724C71C3000409A79 /* AddMoneyActionNavigationBarIB.xib in Resources */ = {isa = PBXBuildFile; fileRef = EE6EB2C624C71C3000409A79 /* AddMoneyActionNavigationBarIB.xib */; };
		EE6EB2CB24C86EDF00409A79 /* CalculateViewIB.xib in Resources */ = {isa = PBXBuildFile; fileRef = EE6EB2CA24C86EDF00409A79 /* CalculateViewIB.xib */; };
		EE7EB15824E3193600A10D5D /* DetailPurchasesTableViewCell.swift in Sources */ = {isa = PBXBuildFile; fileRef = EE7EB15624E3193600A10D5D /* DetailPurchasesTableViewCell.swift */; };
		EE7EB15924E3193600A10D5D /* DetailPurchasesTableViewCell.xib in Resources */ = {isa = PBXBuildFile; fileRef = EE7EB15724E3193600A10D5D /* DetailPurchasesTableViewCell.xib */; };
		EE93DB3124A8FE11003F01DA /* PurchasesCategoryCollectionViewCell.swift in Sources */ = {isa = PBXBuildFile; fileRef = EE93DB2F24A8FE11003F01DA /* PurchasesCategoryCollectionViewCell.swift */; };
		EE93DB3224A8FE11003F01DA /* PurchasesCategoryCollectionViewCell.xib in Resources */ = {isa = PBXBuildFile; fileRef = EE93DB3024A8FE11003F01DA /* PurchasesCategoryCollectionViewCell.xib */; };
		EECBE07A24DDC04900513DD8 /* DateChooseViewIB.xib in Resources */ = {isa = PBXBuildFile; fileRef = EECBE07924DDC04900513DD8 /* DateChooseViewIB.xib */; };
		EECBE07C24DDC46C00513DD8 /* DateChooseView.swift in Sources */ = {isa = PBXBuildFile; fileRef = EECBE07B24DDC46C00513DD8 /* DateChooseView.swift */; };
		EECBE07F24DEEAD400513DD8 /* Extension + UIAlertController.swift in Sources */ = {isa = PBXBuildFile; fileRef = EECBE07E24DEEAD400513DD8 /* Extension + UIAlertController.swift */; };
		EECBE08124DF003900513DD8 /* DatePickerViewController.swift in Sources */ = {isa = PBXBuildFile; fileRef = EECBE08024DF003900513DD8 /* DatePickerViewController.swift */; };
		EECBE08A24E1ABFB00513DD8 /* DetailCategoryTableViewCell.swift in Sources */ = {isa = PBXBuildFile; fileRef = EECBE08824E1ABFB00513DD8 /* DetailCategoryTableViewCell.swift */; };
		EECBE08B24E1ABFB00513DD8 /* DetailCategoryTableViewCell.xib in Resources */ = {isa = PBXBuildFile; fileRef = EECBE08924E1ABFB00513DD8 /* DetailCategoryTableViewCell.xib */; };
		EECBE08D24E1C34700513DD8 /* DetailCategoryFooter.swift in Sources */ = {isa = PBXBuildFile; fileRef = EECBE08C24E1C34700513DD8 /* DetailCategoryFooter.swift */; };
		EEF3EA3C24CB22DC00C1B4DF /* CalculateView.swift in Sources */ = {isa = PBXBuildFile; fileRef = EEF3EA3B24CB22DC00C1B4DF /* CalculateView.swift */; };
		EEF7AB1C24A4F9A800FE5694 /* MoneyCategoryCollectionViewCell.swift in Sources */ = {isa = PBXBuildFile; fileRef = EEF7AB1A24A4F9A800FE5694 /* MoneyCategoryCollectionViewCell.swift */; };
		EEF7AB1D24A4F9A800FE5694 /* MoneyCategoryCollectionViewCell.xib in Resources */ = {isa = PBXBuildFile; fileRef = EEF7AB1B24A4F9A800FE5694 /* MoneyCategoryCollectionViewCell.xib */; };
		EEF813FD24A48C63003C7F0C /* PurchasesCategory.swift in Sources */ = {isa = PBXBuildFile; fileRef = EEF813FC24A48C63003C7F0C /* PurchasesCategory.swift */; };
		EEF81E4124BC74AC00C96B67 /* StorageManager.swift in Sources */ = {isa = PBXBuildFile; fileRef = EEF81E4024BC74AC00C96B67 /* StorageManager.swift */; };
		EEF81E4624BCAAF500C96B67 /* DetailCategoryTableViewController.swift in Sources */ = {isa = PBXBuildFile; fileRef = EEF81E4524BCAAF500C96B67 /* DetailCategoryTableViewController.swift */; };
		EEF81E4824BCB6ED00C96B67 /* SortManager.swift in Sources */ = {isa = PBXBuildFile; fileRef = EEF81E4724BCB6ED00C96B67 /* SortManager.swift */; };
		EEF81E4A24BF2C9800C96B67 /* DateManager.swift in Sources */ = {isa = PBXBuildFile; fileRef = EEF81E4924BF2C9800C96B67 /* DateManager.swift */; };
		EEF81E4F24C0A02A00C96B67 /* AddMoneyActionViewController.swift in Sources */ = {isa = PBXBuildFile; fileRef = EEF81E4E24C0A02A00C96B67 /* AddMoneyActionViewController.swift */; };
		EEF81E5124C435F600C96B67 /* CreateMoneyActionViewController.swift in Sources */ = {isa = PBXBuildFile; fileRef = EEF81E5024C435F600C96B67 /* CreateMoneyActionViewController.swift */; };
		EEF81E5324C4389A00C96B67 /* Enums.swift in Sources */ = {isa = PBXBuildFile; fileRef = EEF81E5224C4389A00C96B67 /* Enums.swift */; };
		EEF81E5724C442D600C96B67 /* ChooseMoneyCategoryCollectionViewController.swift in Sources */ = {isa = PBXBuildFile; fileRef = EEF81E5624C442D600C96B67 /* ChooseMoneyCategoryCollectionViewController.swift */; };
/* End PBXBuildFile section */

/* Begin PBXFileReference section */
		2D9D56ED2A7D73F2ED84DBAF /* Pods-SaveMoney.release.xcconfig */ = {isa = PBXFileReference; includeInIndex = 1; lastKnownFileType = text.xcconfig; name = "Pods-SaveMoney.release.xcconfig"; path = "Target Support Files/Pods-SaveMoney/Pods-SaveMoney.release.xcconfig"; sourceTree = "<group>"; };
		673CF28F2CEE3E899DAAB31D /* Pods_SaveMoney.framework */ = {isa = PBXFileReference; explicitFileType = wrapper.framework; includeInIndex = 0; path = Pods_SaveMoney.framework; sourceTree = BUILT_PRODUCTS_DIR; };
		7D24931120901F55B565C193 /* Pods-SaveMoney.debug.xcconfig */ = {isa = PBXFileReference; includeInIndex = 1; lastKnownFileType = text.xcconfig; name = "Pods-SaveMoney.debug.xcconfig"; path = "Target Support Files/Pods-SaveMoney/Pods-SaveMoney.debug.xcconfig"; sourceTree = "<group>"; };
		EE08EB1424C6EFF600626AEB /* AddMoneyActionNavigationBar.swift */ = {isa = PBXFileReference; lastKnownFileType = sourcecode.swift; path = AddMoneyActionNavigationBar.swift; sourceTree = "<group>"; };
		EE3930DB24D98C80001B49D6 /* Extension + Double.swift */ = {isa = PBXFileReference; lastKnownFileType = sourcecode.swift; path = "Extension + Double.swift"; sourceTree = "<group>"; };
		EE40732724CDDE8900F52FE1 /* CalculaterScreen.swift */ = {isa = PBXFileReference; lastKnownFileType = sourcecode.swift; path = CalculaterScreen.swift; sourceTree = "<group>"; };
		EE40732924CDDEA500F52FE1 /* CalculaterScreenIB.xib */ = {isa = PBXFileReference; lastKnownFileType = file.xib; path = CalculaterScreenIB.xib; sourceTree = "<group>"; };
		EE51957524A39BD200F71F5C /* SaveMoney.app */ = {isa = PBXFileReference; explicitFileType = wrapper.application; includeInIndex = 0; path = SaveMoney.app; sourceTree = BUILT_PRODUCTS_DIR; };
		EE51957824A39BD200F71F5C /* AppDelegate.swift */ = {isa = PBXFileReference; lastKnownFileType = sourcecode.swift; path = AppDelegate.swift; sourceTree = "<group>"; };
		EE51957A24A39BD200F71F5C /* SceneDelegate.swift */ = {isa = PBXFileReference; lastKnownFileType = sourcecode.swift; path = SceneDelegate.swift; sourceTree = "<group>"; };
		EE51957C24A39BD200F71F5C /* MainViewController.swift */ = {isa = PBXFileReference; lastKnownFileType = sourcecode.swift; path = MainViewController.swift; sourceTree = "<group>"; };
		EE51957F24A39BD200F71F5C /* Base */ = {isa = PBXFileReference; lastKnownFileType = file.storyboard; name = Base; path = Base.lproj/Main.storyboard; sourceTree = "<group>"; };
		EE51958124A39BD500F71F5C /* Assets.xcassets */ = {isa = PBXFileReference; lastKnownFileType = folder.assetcatalog; path = Assets.xcassets; sourceTree = "<group>"; };
		EE51958424A39BD500F71F5C /* Base */ = {isa = PBXFileReference; lastKnownFileType = file.storyboard; name = Base; path = Base.lproj/LaunchScreen.storyboard; sourceTree = "<group>"; };
		EE51958624A39BD500F71F5C /* Info.plist */ = {isa = PBXFileReference; lastKnownFileType = text.plist.xml; path = Info.plist; sourceTree = "<group>"; };
		EE51958E24A39DBC00F71F5C /* MoneyCategory.swift */ = {isa = PBXFileReference; lastKnownFileType = sourcecode.swift; path = MoneyCategory.swift; sourceTree = "<group>"; };
		EE51959524A3B40D00F71F5C /* MainNavigationBarIB.xib */ = {isa = PBXFileReference; lastKnownFileType = file.xib; path = MainNavigationBarIB.xib; sourceTree = "<group>"; };
		EE51959824A3CDDB00F71F5C /* MainNavigationBar.swift */ = {isa = PBXFileReference; lastKnownFileType = sourcecode.swift; path = MainNavigationBar.swift; sourceTree = "<group>"; };
		EE6EB2C624C71C3000409A79 /* AddMoneyActionNavigationBarIB.xib */ = {isa = PBXFileReference; lastKnownFileType = file.xib; path = AddMoneyActionNavigationBarIB.xib; sourceTree = "<group>"; };
		EE6EB2CA24C86EDF00409A79 /* CalculateViewIB.xib */ = {isa = PBXFileReference; lastKnownFileType = file.xib; path = CalculateViewIB.xib; sourceTree = "<group>"; };
		EE7EB15624E3193600A10D5D /* DetailPurchasesTableViewCell.swift */ = {isa = PBXFileReference; lastKnownFileType = sourcecode.swift; path = DetailPurchasesTableViewCell.swift; sourceTree = "<group>"; };
		EE7EB15724E3193600A10D5D /* DetailPurchasesTableViewCell.xib */ = {isa = PBXFileReference; lastKnownFileType = file.xib; path = DetailPurchasesTableViewCell.xib; sourceTree = "<group>"; };
		EE93DB2F24A8FE11003F01DA /* PurchasesCategoryCollectionViewCell.swift */ = {isa = PBXFileReference; lastKnownFileType = sourcecode.swift; path = PurchasesCategoryCollectionViewCell.swift; sourceTree = "<group>"; };
		EE93DB3024A8FE11003F01DA /* PurchasesCategoryCollectionViewCell.xib */ = {isa = PBXFileReference; lastKnownFileType = file.xib; path = PurchasesCategoryCollectionViewCell.xib; sourceTree = "<group>"; };
		EECBE07924DDC04900513DD8 /* DateChooseViewIB.xib */ = {isa = PBXFileReference; lastKnownFileType = file.xib; path = DateChooseViewIB.xib; sourceTree = "<group>"; };
		EECBE07B24DDC46C00513DD8 /* DateChooseView.swift */ = {isa = PBXFileReference; lastKnownFileType = sourcecode.swift; path = DateChooseView.swift; sourceTree = "<group>"; };
		EECBE07E24DEEAD400513DD8 /* Extension + UIAlertController.swift */ = {isa = PBXFileReference; lastKnownFileType = sourcecode.swift; path = "Extension + UIAlertController.swift"; sourceTree = "<group>"; };
		EECBE08024DF003900513DD8 /* DatePickerViewController.swift */ = {isa = PBXFileReference; lastKnownFileType = sourcecode.swift; path = DatePickerViewController.swift; sourceTree = "<group>"; };
		EECBE08824E1ABFB00513DD8 /* DetailCategoryTableViewCell.swift */ = {isa = PBXFileReference; lastKnownFileType = sourcecode.swift; path = DetailCategoryTableViewCell.swift; sourceTree = "<group>"; };
		EECBE08924E1ABFB00513DD8 /* DetailCategoryTableViewCell.xib */ = {isa = PBXFileReference; lastKnownFileType = file.xib; path = DetailCategoryTableViewCell.xib; sourceTree = "<group>"; };
		EECBE08C24E1C34700513DD8 /* DetailCategoryFooter.swift */ = {isa = PBXFileReference; lastKnownFileType = sourcecode.swift; path = DetailCategoryFooter.swift; sourceTree = "<group>"; };
		EEF3EA3B24CB22DC00C1B4DF /* CalculateView.swift */ = {isa = PBXFileReference; lastKnownFileType = sourcecode.swift; path = CalculateView.swift; sourceTree = "<group>"; };
		EEF7AB1A24A4F9A800FE5694 /* MoneyCategoryCollectionViewCell.swift */ = {isa = PBXFileReference; lastKnownFileType = sourcecode.swift; path = MoneyCategoryCollectionViewCell.swift; sourceTree = "<group>"; };
		EEF7AB1B24A4F9A800FE5694 /* MoneyCategoryCollectionViewCell.xib */ = {isa = PBXFileReference; lastKnownFileType = file.xib; path = MoneyCategoryCollectionViewCell.xib; sourceTree = "<group>"; };
		EEF813FC24A48C63003C7F0C /* PurchasesCategory.swift */ = {isa = PBXFileReference; lastKnownFileType = sourcecode.swift; path = PurchasesCategory.swift; sourceTree = "<group>"; };
		EEF81E4024BC74AC00C96B67 /* StorageManager.swift */ = {isa = PBXFileReference; lastKnownFileType = sourcecode.swift; path = StorageManager.swift; sourceTree = "<group>"; };
		EEF81E4524BCAAF500C96B67 /* DetailCategoryTableViewController.swift */ = {isa = PBXFileReference; lastKnownFileType = sourcecode.swift; path = DetailCategoryTableViewController.swift; sourceTree = "<group>"; };
		EEF81E4724BCB6ED00C96B67 /* SortManager.swift */ = {isa = PBXFileReference; lastKnownFileType = sourcecode.swift; path = SortManager.swift; sourceTree = "<group>"; };
		EEF81E4924BF2C9800C96B67 /* DateManager.swift */ = {isa = PBXFileReference; lastKnownFileType = sourcecode.swift; path = DateManager.swift; sourceTree = "<group>"; };
		EEF81E4E24C0A02A00C96B67 /* AddMoneyActionViewController.swift */ = {isa = PBXFileReference; lastKnownFileType = sourcecode.swift; path = AddMoneyActionViewController.swift; sourceTree = "<group>"; };
		EEF81E5024C435F600C96B67 /* CreateMoneyActionViewController.swift */ = {isa = PBXFileReference; lastKnownFileType = sourcecode.swift; path = CreateMoneyActionViewController.swift; sourceTree = "<group>"; };
		EEF81E5224C4389A00C96B67 /* Enums.swift */ = {isa = PBXFileReference; lastKnownFileType = sourcecode.swift; path = Enums.swift; sourceTree = "<group>"; };
		EEF81E5624C442D600C96B67 /* ChooseMoneyCategoryCollectionViewController.swift */ = {isa = PBXFileReference; lastKnownFileType = sourcecode.swift; path = ChooseMoneyCategoryCollectionViewController.swift; sourceTree = "<group>"; };
/* End PBXFileReference section */

/* Begin PBXFrameworksBuildPhase section */
		EE51957224A39BD200F71F5C /* Frameworks */ = {
			isa = PBXFrameworksBuildPhase;
			buildActionMask = 2147483647;
			files = (
				2972930C9310D2B2FCC3E5D0 /* Pods_SaveMoney.framework in Frameworks */,
			);
			runOnlyForDeploymentPostprocessing = 0;
		};
/* End PBXFrameworksBuildPhase section */

/* Begin PBXGroup section */
		6A7F39301E8468187707B42C /* Pods */ = {
			isa = PBXGroup;
			children = (
				7D24931120901F55B565C193 /* Pods-SaveMoney.debug.xcconfig */,
				2D9D56ED2A7D73F2ED84DBAF /* Pods-SaveMoney.release.xcconfig */,
			);
			path = Pods;
			sourceTree = "<group>";
		};
		E4494CE4F43AFC62AB9ACD73 /* Frameworks */ = {
			isa = PBXGroup;
			children = (
				673CF28F2CEE3E899DAAB31D /* Pods_SaveMoney.framework */,
			);
			name = Frameworks;
			sourceTree = "<group>";
		};
		EE08EB1624C6F02200626AEB /* AddMoneyActionNavBar */ = {
			isa = PBXGroup;
			children = (
				EE08EB1424C6EFF600626AEB /* AddMoneyActionNavigationBar.swift */,
				EE6EB2C624C71C3000409A79 /* AddMoneyActionNavigationBarIB.xib */,
			);
			path = AddMoneyActionNavBar;
			sourceTree = "<group>";
		};
		EE40732B24CDDEB600F52FE1 /* CalculateScreen */ = {
			isa = PBXGroup;
			children = (
				EE40732724CDDE8900F52FE1 /* CalculaterScreen.swift */,
				EE40732924CDDEA500F52FE1 /* CalculaterScreenIB.xib */,
			);
			path = CalculateScreen;
			sourceTree = "<group>";
		};
		EE51956C24A39BD200F71F5C = {
			isa = PBXGroup;
			children = (
				EE51957724A39BD200F71F5C /* SaveMoney */,
				EE51957624A39BD200F71F5C /* Products */,
				6A7F39301E8468187707B42C /* Pods */,
				E4494CE4F43AFC62AB9ACD73 /* Frameworks */,
			);
			sourceTree = "<group>";
		};
		EE51957624A39BD200F71F5C /* Products */ = {
			isa = PBXGroup;
			children = (
				EE51957524A39BD200F71F5C /* SaveMoney.app */,
			);
			name = Products;
			sourceTree = "<group>";
		};
		EE51957724A39BD200F71F5C /* SaveMoney */ = {
			isa = PBXGroup;
			children = (
				EECBE08024DF003900513DD8 /* DatePickerViewController.swift */,
				EE51957824A39BD200F71F5C /* AppDelegate.swift */,
				EECBE07D24DDC48000513DD8 /* DateChooseView */,
				EE51957A24A39BD200F71F5C /* SceneDelegate.swift */,
				EEF81E4B24C0689400C96B67 /* Managers */,
				EEF81E4424BCA91600C96B67 /* ViewControllers */,
				EE51959024A39F5B00F71F5C /* Models */,
				EE51957E24A39BD200F71F5C /* Main.storyboard */,
				EE08EB1624C6F02200626AEB /* AddMoneyActionNavBar */,
				EE93DB3324A8FE17003F01DA /* PurchasesCategoryCollectionCell */,
				EE51959724A3B41C00F71F5C /* MainNavigationControoler */,
				EE51958124A39BD500F71F5C /* Assets.xcassets */,
				EEF7AB1E24A4F9AD00FE5694 /* MoneyCategoryCell */,
				EE51958324A39BD500F71F5C /* LaunchScreen.storyboard */,
				EE51958624A39BD500F71F5C /* Info.plist */,
				EEF81E5224C4389A00C96B67 /* Enums.swift */,
				EEF3EA3D24CB242200C1B4DF /* Calculate */,
				EE40732B24CDDEB600F52FE1 /* CalculateScreen */,
				EECBE08724E192A700513DD8 /* Extensions */,
				EECBE08424E18FE000513DD8 /* DetailMoneyCategoryCell */,
				EECBE08C24E1C34700513DD8 /* DetailCategoryFooter.swift */,
				EE7EB15A24E31D3C00A10D5D /* DetailPurchasesTableViewCell */,
			);
			path = SaveMoney;
			sourceTree = "<group>";
		};
		EE51959024A39F5B00F71F5C /* Models */ = {
			isa = PBXGroup;
			children = (
				EE51958E24A39DBC00F71F5C /* MoneyCategory.swift */,
				EEF813FC24A48C63003C7F0C /* PurchasesCategory.swift */,
			);
			path = Models;
			sourceTree = "<group>";
		};
		EE51959724A3B41C00F71F5C /* MainNavigationControoler */ = {
			isa = PBXGroup;
			children = (
				EE51959524A3B40D00F71F5C /* MainNavigationBarIB.xib */,
				EE51959824A3CDDB00F71F5C /* MainNavigationBar.swift */,
			);
			path = MainNavigationControoler;
			sourceTree = "<group>";
		};
		EE7EB15A24E31D3C00A10D5D /* DetailPurchasesTableViewCell */ = {
			isa = PBXGroup;
			children = (
				EE7EB15724E3193600A10D5D /* DetailPurchasesTableViewCell.xib */,
				EE7EB15624E3193600A10D5D /* DetailPurchasesTableViewCell.swift */,
			);
			path = DetailPurchasesTableViewCell;
			sourceTree = "<group>";
		};
		EE93DB3324A8FE17003F01DA /* PurchasesCategoryCollectionCell */ = {
			isa = PBXGroup;
			children = (
				EE93DB2F24A8FE11003F01DA /* PurchasesCategoryCollectionViewCell.swift */,
				EE93DB3024A8FE11003F01DA /* PurchasesCategoryCollectionViewCell.xib */,
			);
			path = PurchasesCategoryCollectionCell;
			sourceTree = "<group>";
		};
		EECBE07D24DDC48000513DD8 /* DateChooseView */ = {
			isa = PBXGroup;
			children = (
				EECBE07924DDC04900513DD8 /* DateChooseViewIB.xib */,
				EECBE07B24DDC46C00513DD8 /* DateChooseView.swift */,
			);
			path = DateChooseView;
			sourceTree = "<group>";
		};
		EECBE08424E18FE000513DD8 /* DetailMoneyCategoryCell */ = {
			isa = PBXGroup;
			children = (
				EECBE08824E1ABFB00513DD8 /* DetailCategoryTableViewCell.swift */,
				EECBE08924E1ABFB00513DD8 /* DetailCategoryTableViewCell.xib */,
			);
			path = DetailMoneyCategoryCell;
			sourceTree = "<group>";
		};
		EECBE08724E192A700513DD8 /* Extensions */ = {
			isa = PBXGroup;
			children = (
				EE3930DB24D98C80001B49D6 /* Extension + Double.swift */,
				EECBE07E24DEEAD400513DD8 /* Extension + UIAlertController.swift */,
			);
			path = Extensions;
			sourceTree = "<group>";
		};
		EEF3EA3D24CB242200C1B4DF /* Calculate */ = {
			isa = PBXGroup;
			children = (
				EE6EB2CA24C86EDF00409A79 /* CalculateViewIB.xib */,
				EEF3EA3B24CB22DC00C1B4DF /* CalculateView.swift */,
			);
			path = Calculate;
			sourceTree = "<group>";
		};
		EEF7AB1E24A4F9AD00FE5694 /* MoneyCategoryCell */ = {
			isa = PBXGroup;
			children = (
				EEF7AB1A24A4F9A800FE5694 /* MoneyCategoryCollectionViewCell.swift */,
				EEF7AB1B24A4F9A800FE5694 /* MoneyCategoryCollectionViewCell.xib */,
			);
			path = MoneyCategoryCell;
			sourceTree = "<group>";
		};
		EEF81E4424BCA91600C96B67 /* ViewControllers */ = {
			isa = PBXGroup;
			children = (
				EE51957C24A39BD200F71F5C /* MainViewController.swift */,
				EEF81E4E24C0A02A00C96B67 /* AddMoneyActionViewController.swift */,
				EEF81E4524BCAAF500C96B67 /* DetailCategoryTableViewController.swift */,
				EEF81E5024C435F600C96B67 /* CreateMoneyActionViewController.swift */,
				EEF81E5624C442D600C96B67 /* ChooseMoneyCategoryCollectionViewController.swift */,
			);
			path = ViewControllers;
			sourceTree = "<group>";
		};
		EEF81E4B24C0689400C96B67 /* Managers */ = {
			isa = PBXGroup;
			children = (
				EEF81E4024BC74AC00C96B67 /* StorageManager.swift */,
				EEF81E4724BCB6ED00C96B67 /* SortManager.swift */,
				EEF81E4924BF2C9800C96B67 /* DateManager.swift */,
			);
			path = Managers;
			sourceTree = "<group>";
		};
/* End PBXGroup section */

/* Begin PBXNativeTarget section */
		EE51957424A39BD200F71F5C /* SaveMoney */ = {
			isa = PBXNativeTarget;
			buildConfigurationList = EE51958924A39BD500F71F5C /* Build configuration list for PBXNativeTarget "SaveMoney" */;
			buildPhases = (
				ADBDD0482ED60F3ABDB64FDC /* [CP] Check Pods Manifest.lock */,
				EE51957124A39BD200F71F5C /* Sources */,
				EE51957224A39BD200F71F5C /* Frameworks */,
				EE51957324A39BD200F71F5C /* Resources */,
				3439F863881CEF2E048465D9 /* [CP] Embed Pods Frameworks */,
			);
			buildRules = (
			);
			dependencies = (
			);
			name = SaveMoney;
			productName = SaveMoney;
			productReference = EE51957524A39BD200F71F5C /* SaveMoney.app */;
			productType = "com.apple.product-type.application";
		};
/* End PBXNativeTarget section */

/* Begin PBXProject section */
		EE51956D24A39BD200F71F5C /* Project object */ = {
			isa = PBXProject;
			attributes = {
				LastSwiftUpdateCheck = 1140;
				LastUpgradeCheck = 1140;
				ORGANIZATIONNAME = "Кирилл Крамар";
				TargetAttributes = {
					EE51957424A39BD200F71F5C = {
						CreatedOnToolsVersion = 11.4;
					};
				};
			};
			buildConfigurationList = EE51957024A39BD200F71F5C /* Build configuration list for PBXProject "SaveMoney" */;
			compatibilityVersion = "Xcode 9.3";
			developmentRegion = en;
			hasScannedForEncodings = 0;
			knownRegions = (
				en,
				Base,
			);
			mainGroup = EE51956C24A39BD200F71F5C;
			productRefGroup = EE51957624A39BD200F71F5C /* Products */;
			projectDirPath = "";
			projectRoot = "";
			targets = (
				EE51957424A39BD200F71F5C /* SaveMoney */,
			);
		};
/* End PBXProject section */

/* Begin PBXResourcesBuildPhase section */
		EE51957324A39BD200F71F5C /* Resources */ = {
			isa = PBXResourcesBuildPhase;
			buildActionMask = 2147483647;
			files = (
				EE6EB2CB24C86EDF00409A79 /* CalculateViewIB.xib in Resources */,
				EE51958524A39BD500F71F5C /* LaunchScreen.storyboard in Resources */,
				EECBE08B24E1ABFB00513DD8 /* DetailCategoryTableViewCell.xib in Resources */,
				EEF7AB1D24A4F9A800FE5694 /* MoneyCategoryCollectionViewCell.xib in Resources */,
				EECBE07A24DDC04900513DD8 /* DateChooseViewIB.xib in Resources */,
				EE51958224A39BD500F71F5C /* Assets.xcassets in Resources */,
				EE7EB15924E3193600A10D5D /* DetailPurchasesTableViewCell.xib in Resources */,
				EE93DB3224A8FE11003F01DA /* PurchasesCategoryCollectionViewCell.xib in Resources */,
				EE51959624A3B40D00F71F5C /* MainNavigationBarIB.xib in Resources */,
				EE40732A24CDDEA500F52FE1 /* CalculaterScreenIB.xib in Resources */,
				EE6EB2C724C71C3000409A79 /* AddMoneyActionNavigationBarIB.xib in Resources */,
				EE51958024A39BD200F71F5C /* Main.storyboard in Resources */,
			);
			runOnlyForDeploymentPostprocessing = 0;
		};
/* End PBXResourcesBuildPhase section */

/* Begin PBXShellScriptBuildPhase section */
		3439F863881CEF2E048465D9 /* [CP] Embed Pods Frameworks */ = {
			isa = PBXShellScriptBuildPhase;
			buildActionMask = 2147483647;
			files = (
			);
			inputFileListPaths = (
				"${PODS_ROOT}/Target Support Files/Pods-SaveMoney/Pods-SaveMoney-frameworks-${CONFIGURATION}-input-files.xcfilelist",
			);
			name = "[CP] Embed Pods Frameworks";
			outputFileListPaths = (
				"${PODS_ROOT}/Target Support Files/Pods-SaveMoney/Pods-SaveMoney-frameworks-${CONFIGURATION}-output-files.xcfilelist",
			);
			runOnlyForDeploymentPostprocessing = 0;
			shellPath = /bin/sh;
			shellScript = "\"${PODS_ROOT}/Target Support Files/Pods-SaveMoney/Pods-SaveMoney-frameworks.sh\"\n";
			showEnvVarsInLog = 0;
		};
		ADBDD0482ED60F3ABDB64FDC /* [CP] Check Pods Manifest.lock */ = {
			isa = PBXShellScriptBuildPhase;
			buildActionMask = 2147483647;
			files = (
			);
			inputFileListPaths = (
			);
			inputPaths = (
				"${PODS_PODFILE_DIR_PATH}/Podfile.lock",
				"${PODS_ROOT}/Manifest.lock",
			);
			name = "[CP] Check Pods Manifest.lock";
			outputFileListPaths = (
			);
			outputPaths = (
				"$(DERIVED_FILE_DIR)/Pods-SaveMoney-checkManifestLockResult.txt",
			);
			runOnlyForDeploymentPostprocessing = 0;
			shellPath = /bin/sh;
			shellScript = "diff \"${PODS_PODFILE_DIR_PATH}/Podfile.lock\" \"${PODS_ROOT}/Manifest.lock\" > /dev/null\nif [ $? != 0 ] ; then\n    # print error to STDERR\n    echo \"error: The sandbox is not in sync with the Podfile.lock. Run 'pod install' or update your CocoaPods installation.\" >&2\n    exit 1\nfi\n# This output is used by Xcode 'outputs' to avoid re-running this script phase.\necho \"SUCCESS\" > \"${SCRIPT_OUTPUT_FILE_0}\"\n";
			showEnvVarsInLog = 0;
		};
/* End PBXShellScriptBuildPhase section */

/* Begin PBXSourcesBuildPhase section */
		EE51957124A39BD200F71F5C /* Sources */ = {
			isa = PBXSourcesBuildPhase;
			buildActionMask = 2147483647;
			files = (
				EECBE08A24E1ABFB00513DD8 /* DetailCategoryTableViewCell.swift in Sources */,
				EE51957D24A39BD200F71F5C /* MainViewController.swift in Sources */,
				EEF81E4A24BF2C9800C96B67 /* DateManager.swift in Sources */,
				EE51957924A39BD200F71F5C /* AppDelegate.swift in Sources */,
				EEF81E5124C435F600C96B67 /* CreateMoneyActionViewController.swift in Sources */,
				EEF81E4824BCB6ED00C96B67 /* SortManager.swift in Sources */,
				EE51959924A3CDDB00F71F5C /* MainNavigationBar.swift in Sources */,
				EEF81E4124BC74AC00C96B67 /* StorageManager.swift in Sources */,
				EEF81E5324C4389A00C96B67 /* Enums.swift in Sources */,
				EE93DB3124A8FE11003F01DA /* PurchasesCategoryCollectionViewCell.swift in Sources */,
				EECBE07C24DDC46C00513DD8 /* DateChooseView.swift in Sources */,
				EECBE08D24E1C34700513DD8 /* DetailCategoryFooter.swift in Sources */,
				EE51958F24A39DBC00F71F5C /* MoneyCategory.swift in Sources */,
				EE3930DC24D98C80001B49D6 /* Extension + Double.swift in Sources */,
				EEF813FD24A48C63003C7F0C /* PurchasesCategory.swift in Sources */,
				EE40732824CDDE8900F52FE1 /* CalculaterScreen.swift in Sources */,
				EECBE07F24DEEAD400513DD8 /* Extension + UIAlertController.swift in Sources */,
				EEF81E4624BCAAF500C96B67 /* DetailCategoryTableViewController.swift in Sources */,
				EE08EB1524C6EFF600626AEB /* AddMoneyActionNavigationBar.swift in Sources */,
				EEF3EA3C24CB22DC00C1B4DF /* CalculateView.swift in Sources */,
				EEF81E4F24C0A02A00C96B67 /* AddMoneyActionViewController.swift in Sources */,
				EE51957B24A39BD200F71F5C /* SceneDelegate.swift in Sources */,
				EECBE08124DF003900513DD8 /* DatePickerViewController.swift in Sources */,
				EEF81E5724C442D600C96B67 /* ChooseMoneyCategoryCollectionViewController.swift in Sources */,
				EEF7AB1C24A4F9A800FE5694 /* MoneyCategoryCollectionViewCell.swift in Sources */,
				EE7EB15824E3193600A10D5D /* DetailPurchasesTableViewCell.swift in Sources */,
			);
			runOnlyForDeploymentPostprocessing = 0;
		};
/* End PBXSourcesBuildPhase section */

/* Begin PBXVariantGroup section */
		EE51957E24A39BD200F71F5C /* Main.storyboard */ = {
			isa = PBXVariantGroup;
			children = (
				EE51957F24A39BD200F71F5C /* Base */,
			);
			name = Main.storyboard;
			sourceTree = "<group>";
		};
		EE51958324A39BD500F71F5C /* LaunchScreen.storyboard */ = {
			isa = PBXVariantGroup;
			children = (
				EE51958424A39BD500F71F5C /* Base */,
			);
			name = LaunchScreen.storyboard;
			sourceTree = "<group>";
		};
/* End PBXVariantGroup section */

/* Begin XCBuildConfiguration section */
		EE51958724A39BD500F71F5C /* Debug */ = {
			isa = XCBuildConfiguration;
			buildSettings = {
				ALWAYS_SEARCH_USER_PATHS = NO;
				CLANG_ANALYZER_NONNULL = YES;
				CLANG_ANALYZER_NUMBER_OBJECT_CONVERSION = YES_AGGRESSIVE;
				CLANG_CXX_LANGUAGE_STANDARD = "gnu++14";
				CLANG_CXX_LIBRARY = "libc++";
				CLANG_ENABLE_MODULES = YES;
				CLANG_ENABLE_OBJC_ARC = YES;
				CLANG_ENABLE_OBJC_WEAK = YES;
				CLANG_WARN_BLOCK_CAPTURE_AUTORELEASING = YES;
				CLANG_WARN_BOOL_CONVERSION = YES;
				CLANG_WARN_COMMA = YES;
				CLANG_WARN_CONSTANT_CONVERSION = YES;
				CLANG_WARN_DEPRECATED_OBJC_IMPLEMENTATIONS = YES;
				CLANG_WARN_DIRECT_OBJC_ISA_USAGE = YES_ERROR;
				CLANG_WARN_DOCUMENTATION_COMMENTS = YES;
				CLANG_WARN_EMPTY_BODY = YES;
				CLANG_WARN_ENUM_CONVERSION = YES;
				CLANG_WARN_INFINITE_RECURSION = YES;
				CLANG_WARN_INT_CONVERSION = YES;
				CLANG_WARN_NON_LITERAL_NULL_CONVERSION = YES;
				CLANG_WARN_OBJC_IMPLICIT_RETAIN_SELF = YES;
				CLANG_WARN_OBJC_LITERAL_CONVERSION = YES;
				CLANG_WARN_OBJC_ROOT_CLASS = YES_ERROR;
				CLANG_WARN_RANGE_LOOP_ANALYSIS = YES;
				CLANG_WARN_STRICT_PROTOTYPES = YES;
				CLANG_WARN_SUSPICIOUS_MOVE = YES;
				CLANG_WARN_UNGUARDED_AVAILABILITY = YES_AGGRESSIVE;
				CLANG_WARN_UNREACHABLE_CODE = YES;
				CLANG_WARN__DUPLICATE_METHOD_MATCH = YES;
				COPY_PHASE_STRIP = NO;
				DEBUG_INFORMATION_FORMAT = dwarf;
				ENABLE_STRICT_OBJC_MSGSEND = YES;
				ENABLE_TESTABILITY = YES;
				GCC_C_LANGUAGE_STANDARD = gnu11;
				GCC_DYNAMIC_NO_PIC = NO;
				GCC_NO_COMMON_BLOCKS = YES;
				GCC_OPTIMIZATION_LEVEL = 0;
				GCC_PREPROCESSOR_DEFINITIONS = (
					"DEBUG=1",
					"$(inherited)",
				);
				GCC_WARN_64_TO_32_BIT_CONVERSION = YES;
				GCC_WARN_ABOUT_RETURN_TYPE = YES_ERROR;
				GCC_WARN_UNDECLARED_SELECTOR = YES;
				GCC_WARN_UNINITIALIZED_AUTOS = YES_AGGRESSIVE;
				GCC_WARN_UNUSED_FUNCTION = YES;
				GCC_WARN_UNUSED_VARIABLE = YES;
				IPHONEOS_DEPLOYMENT_TARGET = 13.4;
				MTL_ENABLE_DEBUG_INFO = INCLUDE_SOURCE;
				MTL_FAST_MATH = YES;
				ONLY_ACTIVE_ARCH = YES;
				SDKROOT = iphoneos;
				SWIFT_ACTIVE_COMPILATION_CONDITIONS = DEBUG;
				SWIFT_OPTIMIZATION_LEVEL = "-Onone";
			};
			name = Debug;
		};
		EE51958824A39BD500F71F5C /* Release */ = {
			isa = XCBuildConfiguration;
			buildSettings = {
				ALWAYS_SEARCH_USER_PATHS = NO;
				CLANG_ANALYZER_NONNULL = YES;
				CLANG_ANALYZER_NUMBER_OBJECT_CONVERSION = YES_AGGRESSIVE;
				CLANG_CXX_LANGUAGE_STANDARD = "gnu++14";
				CLANG_CXX_LIBRARY = "libc++";
				CLANG_ENABLE_MODULES = YES;
				CLANG_ENABLE_OBJC_ARC = YES;
				CLANG_ENABLE_OBJC_WEAK = YES;
				CLANG_WARN_BLOCK_CAPTURE_AUTORELEASING = YES;
				CLANG_WARN_BOOL_CONVERSION = YES;
				CLANG_WARN_COMMA = YES;
				CLANG_WARN_CONSTANT_CONVERSION = YES;
				CLANG_WARN_DEPRECATED_OBJC_IMPLEMENTATIONS = YES;
				CLANG_WARN_DIRECT_OBJC_ISA_USAGE = YES_ERROR;
				CLANG_WARN_DOCUMENTATION_COMMENTS = YES;
				CLANG_WARN_EMPTY_BODY = YES;
				CLANG_WARN_ENUM_CONVERSION = YES;
				CLANG_WARN_INFINITE_RECURSION = YES;
				CLANG_WARN_INT_CONVERSION = YES;
				CLANG_WARN_NON_LITERAL_NULL_CONVERSION = YES;
				CLANG_WARN_OBJC_IMPLICIT_RETAIN_SELF = YES;
				CLANG_WARN_OBJC_LITERAL_CONVERSION = YES;
				CLANG_WARN_OBJC_ROOT_CLASS = YES_ERROR;
				CLANG_WARN_RANGE_LOOP_ANALYSIS = YES;
				CLANG_WARN_STRICT_PROTOTYPES = YES;
				CLANG_WARN_SUSPICIOUS_MOVE = YES;
				CLANG_WARN_UNGUARDED_AVAILABILITY = YES_AGGRESSIVE;
				CLANG_WARN_UNREACHABLE_CODE = YES;
				CLANG_WARN__DUPLICATE_METHOD_MATCH = YES;
				COPY_PHASE_STRIP = NO;
				DEBUG_INFORMATION_FORMAT = "dwarf-with-dsym";
				ENABLE_NS_ASSERTIONS = NO;
				ENABLE_STRICT_OBJC_MSGSEND = YES;
				GCC_C_LANGUAGE_STANDARD = gnu11;
				GCC_NO_COMMON_BLOCKS = YES;
				GCC_WARN_64_TO_32_BIT_CONVERSION = YES;
				GCC_WARN_ABOUT_RETURN_TYPE = YES_ERROR;
				GCC_WARN_UNDECLARED_SELECTOR = YES;
				GCC_WARN_UNINITIALIZED_AUTOS = YES_AGGRESSIVE;
				GCC_WARN_UNUSED_FUNCTION = YES;
				GCC_WARN_UNUSED_VARIABLE = YES;
				IPHONEOS_DEPLOYMENT_TARGET = 13.4;
				MTL_ENABLE_DEBUG_INFO = NO;
				MTL_FAST_MATH = YES;
				SDKROOT = iphoneos;
				SWIFT_COMPILATION_MODE = wholemodule;
				SWIFT_OPTIMIZATION_LEVEL = "-O";
				VALIDATE_PRODUCT = YES;
			};
			name = Release;
		};
		EE51958A24A39BD500F71F5C /* Debug */ = {
			isa = XCBuildConfiguration;
			baseConfigurationReference = 7D24931120901F55B565C193 /* Pods-SaveMoney.debug.xcconfig */;
			buildSettings = {
				ASSETCATALOG_COMPILER_APPICON_NAME = AppIcon;
				CODE_SIGN_STYLE = Automatic;
				INFOPLIST_FILE = SaveMoney/Info.plist;
				LD_RUNPATH_SEARCH_PATHS = (
					"$(inherited)",
					"@executable_path/Frameworks",
				);
				PRODUCT_BUNDLE_IDENTIFIER = cnecie.SaveMoney;
				PRODUCT_NAME = "$(TARGET_NAME)";
				SWIFT_VERSION = 5.0;
				TARGETED_DEVICE_FAMILY = "1,2";
			};
			name = Debug;
		};
		EE51958B24A39BD500F71F5C /* Release */ = {
			isa = XCBuildConfiguration;
			baseConfigurationReference = 2D9D56ED2A7D73F2ED84DBAF /* Pods-SaveMoney.release.xcconfig */;
			buildSettings = {
				ASSETCATALOG_COMPILER_APPICON_NAME = AppIcon;
				CODE_SIGN_STYLE = Automatic;
				INFOPLIST_FILE = SaveMoney/Info.plist;
				LD_RUNPATH_SEARCH_PATHS = (
					"$(inherited)",
					"@executable_path/Frameworks",
				);
				PRODUCT_BUNDLE_IDENTIFIER = cnecie.SaveMoney;
				PRODUCT_NAME = "$(TARGET_NAME)";
				SWIFT_VERSION = 5.0;
				TARGETED_DEVICE_FAMILY = "1,2";
			};
			name = Release;
		};
/* End XCBuildConfiguration section */

/* Begin XCConfigurationList section */
		EE51957024A39BD200F71F5C /* Build configuration list for PBXProject "SaveMoney" */ = {
			isa = XCConfigurationList;
			buildConfigurations = (
				EE51958724A39BD500F71F5C /* Debug */,
				EE51958824A39BD500F71F5C /* Release */,
			);
			defaultConfigurationIsVisible = 0;
			defaultConfigurationName = Release;
		};
		EE51958924A39BD500F71F5C /* Build configuration list for PBXNativeTarget "SaveMoney" */ = {
			isa = XCConfigurationList;
			buildConfigurations = (
				EE51958A24A39BD500F71F5C /* Debug */,
				EE51958B24A39BD500F71F5C /* Release */,
			);
			defaultConfigurationIsVisible = 0;
			defaultConfigurationName = Release;
		};
/* End XCConfigurationList section */
	};
	rootObject = EE51956D24A39BD200F71F5C /* Project object */;
}
