// !$*UTF8*$!
{
	archiveVersion = 1;
	classes = {
	};
	objectVersion = 51;
	objects = {

/* Begin PBXBuildFile section */
		2972930C9310D2B2FCC3E5D0 /* Pods_SaveMoney.framework in Frameworks */ = {isa = PBXBuildFile; fileRef = 673CF28F2CEE3E899DAAB31D /* Pods_SaveMoney.framework */; };
		EE08EB1524C6EFF600626AEB /* AddMoneyActionNavigationBar.swift in Sources */ = {isa = PBXBuildFile; fileRef = EE08EB1424C6EFF600626AEB /* AddMoneyActionNavigationBar.swift */; };
		EE27C9CF24EBE369004130C9 /* CreateCategoryViewController.swift in Sources */ = {isa = PBXBuildFile; fileRef = EE27C9CE24EBE369004130C9 /* CreateCategoryViewController.swift */; };
		EE27C9D124EC225B004130C9 /* ChooseIconCollectionViewController.swift in Sources */ = {isa = PBXBuildFile; fileRef = EE27C9D024EC225B004130C9 /* ChooseIconCollectionViewController.swift */; };
		EE27C9D324EC23B8004130C9 /* DataManager.swift in Sources */ = {isa = PBXBuildFile; fileRef = EE27C9D224EC23B8004130C9 /* DataManager.swift */; };
		EE27C9D624ED6670004130C9 /* IconCollectionViewCell.swift in Sources */ = {isa = PBXBuildFile; fileRef = EE27C9D424ED6670004130C9 /* IconCollectionViewCell.swift */; };
		EE27C9D724ED6670004130C9 /* IconCollectionViewCellIB.xib in Resources */ = {isa = PBXBuildFile; fileRef = EE27C9D524ED6670004130C9 /* IconCollectionViewCellIB.xib */; };
		EE3930DC24D98C80001B49D6 /* Extension + Double.swift in Sources */ = {isa = PBXBuildFile; fileRef = EE3930DB24D98C80001B49D6 /* Extension + Double.swift */; };
		EE3A83352519DE9400AF085F /* Protocols.swift in Sources */ = {isa = PBXBuildFile; fileRef = EE3A83342519DE9400AF085F /* Protocols.swift */; };
		EE40732824CDDE8900F52FE1 /* CalculaterScreen.swift in Sources */ = {isa = PBXBuildFile; fileRef = EE40732724CDDE8900F52FE1 /* CalculaterScreen.swift */; };
		EE40732A24CDDEA500F52FE1 /* CalculaterScreenIB.xib in Resources */ = {isa = PBXBuildFile; fileRef = EE40732924CDDEA500F52FE1 /* CalculaterScreenIB.xib */; };
		EE51957924A39BD200F71F5C /* AppDelegate.swift in Sources */ = {isa = PBXBuildFile; fileRef = EE51957824A39BD200F71F5C /* AppDelegate.swift */; };
		EE51957B24A39BD200F71F5C /* SceneDelegate.swift in Sources */ = {isa = PBXBuildFile; fileRef = EE51957A24A39BD200F71F5C /* SceneDelegate.swift */; };
		EE51957D24A39BD200F71F5C /* MainMenuViewController.swift in Sources */ = {isa = PBXBuildFile; fileRef = EE51957C24A39BD200F71F5C /* MainMenuViewController.swift */; };
		EE51958024A39BD200F71F5C /* Main.storyboard in Resources */ = {isa = PBXBuildFile; fileRef = EE51957E24A39BD200F71F5C /* Main.storyboard */; };
		EE51958224A39BD500F71F5C /* Assets.xcassets in Resources */ = {isa = PBXBuildFile; fileRef = EE51958124A39BD500F71F5C /* Assets.xcassets */; };
		EE51958524A39BD500F71F5C /* LaunchScreen.storyboard in Resources */ = {isa = PBXBuildFile; fileRef = EE51958324A39BD500F71F5C /* LaunchScreen.storyboard */; };
		EE51958F24A39DBC00F71F5C /* Models.swift in Sources */ = {isa = PBXBuildFile; fileRef = EE51958E24A39DBC00F71F5C /* Models.swift */; };
		EE51959624A3B40D00F71F5C /* MainNavigationBarIB.xib in Resources */ = {isa = PBXBuildFile; fileRef = EE51959524A3B40D00F71F5C /* MainNavigationBarIB.xib */; };
		EE51959924A3CDDB00F71F5C /* MainNavigationBar.swift in Sources */ = {isa = PBXBuildFile; fileRef = EE51959824A3CDDB00F71F5C /* MainNavigationBar.swift */; };
		EE68ACA32509197D00E95BE2 /* ChooseMoneyCategoryViewModel.swift in Sources */ = {isa = PBXBuildFile; fileRef = EE68ACA22509197D00E95BE2 /* ChooseMoneyCategoryViewModel.swift */; };
		EE68ACA5250920D800E95BE2 /* MoneyCategoryCollectionViewCellViewModel.swift in Sources */ = {isa = PBXBuildFile; fileRef = EE68ACA4250920D800E95BE2 /* MoneyCategoryCollectionViewCellViewModel.swift */; };
		EE68ACA8250925D100E95BE2 /* BetaMoneyCategoryCollectionViewCell.swift in Sources */ = {isa = PBXBuildFile; fileRef = EE68ACA6250925D100E95BE2 /* BetaMoneyCategoryCollectionViewCell.swift */; };
		EE68ACA9250925D100E95BE2 /* BetaMoneyCategoryCollectionViewCell.xib in Resources */ = {isa = PBXBuildFile; fileRef = EE68ACA7250925D100E95BE2 /* BetaMoneyCategoryCollectionViewCell.xib */; };
		EE68ACAC2509319A00E95BE2 /* AddMoneyActionViewModel.swift in Sources */ = {isa = PBXBuildFile; fileRef = EE68ACAB2509319A00E95BE2 /* AddMoneyActionViewModel.swift */; };
		EE68ACAE25094CEE00E95BE2 /* PurchasesCategoryCollectionViewCellViewModel.swift in Sources */ = {isa = PBXBuildFile; fileRef = EE68ACAD25094CEE00E95BE2 /* PurchasesCategoryCollectionViewCellViewModel.swift */; };
		EE68ACB0250969D500E95BE2 /* AddIncomeViewController.swift in Sources */ = {isa = PBXBuildFile; fileRef = EE68ACAF250969D500E95BE2 /* AddIncomeViewController.swift */; };
		EE68ACB325096A0300E95BE2 /* AddIncomeViewModel.swift in Sources */ = {isa = PBXBuildFile; fileRef = EE68ACB225096A0300E95BE2 /* AddIncomeViewModel.swift */; };
		EE6CB972250D1230004A1FAA /* MainMenuViewModel.swift in Sources */ = {isa = PBXBuildFile; fileRef = EE6CB971250D1230004A1FAA /* MainMenuViewModel.swift */; };
		EE6CB975250D2472004A1FAA /* CreateMoneyActionViewModel.swift in Sources */ = {isa = PBXBuildFile; fileRef = EE6CB974250D2472004A1FAA /* CreateMoneyActionViewModel.swift */; };
		EE6CB977250D5315004A1FAA /* Boxing.swift in Sources */ = {isa = PBXBuildFile; fileRef = EE6CB976250D5315004A1FAA /* Boxing.swift */; };
		EE6CB97B2510A040004A1FAA /* DetailCategoryViewModel.swift in Sources */ = {isa = PBXBuildFile; fileRef = EE6CB97A2510A040004A1FAA /* DetailCategoryViewModel.swift */; };
		EE6CB97D25110C1E004A1FAA /* DetailPurchasesTableViewCellViewModel.swift in Sources */ = {isa = PBXBuildFile; fileRef = EE6CB97C25110C1E004A1FAA /* DetailPurchasesTableViewCellViewModel.swift */; };
		EE6CB98025111045004A1FAA /* DetailCategoryFooterViewModel.swift in Sources */ = {isa = PBXBuildFile; fileRef = EE6CB97F25111045004A1FAA /* DetailCategoryFooterViewModel.swift */; };
		EE6CB982251220A6004A1FAA /* EditMoneyActionViewModelProtocol.swift in Sources */ = {isa = PBXBuildFile; fileRef = EE6CB981251220A6004A1FAA /* EditMoneyActionViewModelProtocol.swift */; };
		EE6CB98425122E12004A1FAA /* EditMoneyActionViewController.swift in Sources */ = {isa = PBXBuildFile; fileRef = EE6CB98325122E12004A1FAA /* EditMoneyActionViewController.swift */; };
		EE6EB2C724C71C3000409A79 /* AddMoneyActionNavigationBarIB.xib in Resources */ = {isa = PBXBuildFile; fileRef = EE6EB2C624C71C3000409A79 /* AddMoneyActionNavigationBarIB.xib */; };
		EE6EB2CB24C86EDF00409A79 /* CalculateViewIB.xib in Resources */ = {isa = PBXBuildFile; fileRef = EE6EB2CA24C86EDF00409A79 /* CalculateViewIB.xib */; };
		EE7EB15824E3193600A10D5D /* DetailPurchasesTableViewCell.swift in Sources */ = {isa = PBXBuildFile; fileRef = EE7EB15624E3193600A10D5D /* DetailPurchasesTableViewCell.swift */; };
		EE7EB15924E3193600A10D5D /* DetailPurchasesTableViewCell.xib in Resources */ = {isa = PBXBuildFile; fileRef = EE7EB15724E3193600A10D5D /* DetailPurchasesTableViewCell.xib */; };
		EE7EB15C24E956D600A10D5D /* DetailAllCategoriesTableViewController.swift in Sources */ = {isa = PBXBuildFile; fileRef = EE7EB15B24E956D600A10D5D /* DetailAllCategoriesTableViewController.swift */; };
		EE93DB3124A8FE11003F01DA /* PurchasesCategoryCollectionViewCell.swift in Sources */ = {isa = PBXBuildFile; fileRef = EE93DB2F24A8FE11003F01DA /* PurchasesCategoryCollectionViewCell.swift */; };
		EE93DB3224A8FE11003F01DA /* PurchasesCategoryCollectionViewCell.xib in Resources */ = {isa = PBXBuildFile; fileRef = EE93DB3024A8FE11003F01DA /* PurchasesCategoryCollectionViewCell.xib */; };
		EECBE07A24DDC04900513DD8 /* DateChooseViewIB.xib in Resources */ = {isa = PBXBuildFile; fileRef = EECBE07924DDC04900513DD8 /* DateChooseViewIB.xib */; };
		EECBE07C24DDC46C00513DD8 /* DateChooseView.swift in Sources */ = {isa = PBXBuildFile; fileRef = EECBE07B24DDC46C00513DD8 /* DateChooseView.swift */; };
		EECBE07F24DEEAD400513DD8 /* Extension + UIAlertController.swift in Sources */ = {isa = PBXBuildFile; fileRef = EECBE07E24DEEAD400513DD8 /* Extension + UIAlertController.swift */; };
		EECBE08124DF003900513DD8 /* DatePickerViewController.swift in Sources */ = {isa = PBXBuildFile; fileRef = EECBE08024DF003900513DD8 /* DatePickerViewController.swift */; };
		EECBE08A24E1ABFB00513DD8 /* DetailCategoryTableViewCell.swift in Sources */ = {isa = PBXBuildFile; fileRef = EECBE08824E1ABFB00513DD8 /* DetailCategoryTableViewCell.swift */; };
		EECBE08B24E1ABFB00513DD8 /* DetailCategoryTableViewCell.xib in Resources */ = {isa = PBXBuildFile; fileRef = EECBE08924E1ABFB00513DD8 /* DetailCategoryTableViewCell.xib */; };
		EECBE08D24E1C34700513DD8 /* DetailCategoryFooter.swift in Sources */ = {isa = PBXBuildFile; fileRef = EECBE08C24E1C34700513DD8 /* DetailCategoryFooter.swift */; };
		EEE2EC7224F7DE0800644F8C /* Task.swift in Sources */ = {isa = PBXBuildFile; fileRef = EEE2EC7124F7DE0800644F8C /* Task.swift */; };
		EEE2EC7424F7DFB600644F8C /* Extension + UITableViewCell.swift in Sources */ = {isa = PBXBuildFile; fileRef = EEE2EC7324F7DFB600644F8C /* Extension + UITableViewCell.swift */; };
		EEE2EC7624F7E02800644F8C /* TaskListViewController.swift in Sources */ = {isa = PBXBuildFile; fileRef = EEE2EC7524F7E02800644F8C /* TaskListViewController.swift */; };
		EEE2EC7824F7E09200644F8C /* AlertController.swift in Sources */ = {isa = PBXBuildFile; fileRef = EEE2EC7724F7E09200644F8C /* AlertController.swift */; };
		EEE2EC7A24F7E18B00644F8C /* TaskViewController.swift in Sources */ = {isa = PBXBuildFile; fileRef = EEE2EC7924F7E18B00644F8C /* TaskViewController.swift */; };
		EEE2EC7C24F93F7600644F8C /* CategoryCreaterProtocol.swift in Sources */ = {isa = PBXBuildFile; fileRef = EEE2EC7B24F93F7600644F8C /* CategoryCreaterProtocol.swift */; };
		EEE2EC7E24F94B5600644F8C /* MoneyActionFabricMethod.swift in Sources */ = {isa = PBXBuildFile; fileRef = EEE2EC7D24F94B5600644F8C /* MoneyActionFabricMethod.swift */; };
		EEF3EA3C24CB22DC00C1B4DF /* CalculateView.swift in Sources */ = {isa = PBXBuildFile; fileRef = EEF3EA3B24CB22DC00C1B4DF /* CalculateView.swift */; };
		EEF7AB1C24A4F9A800FE5694 /* MoneyCategoryCollectionViewCell.swift in Sources */ = {isa = PBXBuildFile; fileRef = EEF7AB1A24A4F9A800FE5694 /* MoneyCategoryCollectionViewCell.swift */; };
		EEF7AB1D24A4F9A800FE5694 /* MoneyCategoryCollectionViewCell.xib in Resources */ = {isa = PBXBuildFile; fileRef = EEF7AB1B24A4F9A800FE5694 /* MoneyCategoryCollectionViewCell.xib */; };
		EEF81E4124BC74AC00C96B67 /* StorageManager.swift in Sources */ = {isa = PBXBuildFile; fileRef = EEF81E4024BC74AC00C96B67 /* StorageManager.swift */; };
		EEF81E4624BCAAF500C96B67 /* DetailCategoryTableViewController.swift in Sources */ = {isa = PBXBuildFile; fileRef = EEF81E4524BCAAF500C96B67 /* DetailCategoryTableViewController.swift */; };
		EEF81E4824BCB6ED00C96B67 /* SortManager.swift in Sources */ = {isa = PBXBuildFile; fileRef = EEF81E4724BCB6ED00C96B67 /* SortManager.swift */; };
		EEF81E4A24BF2C9800C96B67 /* DateManager.swift in Sources */ = {isa = PBXBuildFile; fileRef = EEF81E4924BF2C9800C96B67 /* DateManager.swift */; };
		EEF81E4F24C0A02A00C96B67 /* AddPurshasesViewController.swift in Sources */ = {isa = PBXBuildFile; fileRef = EEF81E4E24C0A02A00C96B67 /* AddPurshasesViewController.swift */; };
		EEF81E5124C435F600C96B67 /* CreateMoneyActionViewController.swift in Sources */ = {isa = PBXBuildFile; fileRef = EEF81E5024C435F600C96B67 /* CreateMoneyActionViewController.swift */; };
		EEF81E5324C4389A00C96B67 /* Enums.swift in Sources */ = {isa = PBXBuildFile; fileRef = EEF81E5224C4389A00C96B67 /* Enums.swift */; };
		EEF81E5724C442D600C96B67 /* ChooseMoneyCategoryCollectionViewController.swift in Sources */ = {isa = PBXBuildFile; fileRef = EEF81E5624C442D600C96B67 /* ChooseMoneyCategoryCollectionViewController.swift */; };
/* End PBXBuildFile section */

/* Begin PBXFileReference section */
		2D9D56ED2A7D73F2ED84DBAF /* Pods-SaveMoney.release.xcconfig */ = {isa = PBXFileReference; includeInIndex = 1; lastKnownFileType = text.xcconfig; name = "Pods-SaveMoney.release.xcconfig"; path = "Target Support Files/Pods-SaveMoney/Pods-SaveMoney.release.xcconfig"; sourceTree = "<group>"; };
		673CF28F2CEE3E899DAAB31D /* Pods_SaveMoney.framework */ = {isa = PBXFileReference; explicitFileType = wrapper.framework; includeInIndex = 0; path = Pods_SaveMoney.framework; sourceTree = BUILT_PRODUCTS_DIR; };
		7D24931120901F55B565C193 /* Pods-SaveMoney.debug.xcconfig */ = {isa = PBXFileReference; includeInIndex = 1; lastKnownFileType = text.xcconfig; name = "Pods-SaveMoney.debug.xcconfig"; path = "Target Support Files/Pods-SaveMoney/Pods-SaveMoney.debug.xcconfig"; sourceTree = "<group>"; };
		EE08EB1424C6EFF600626AEB /* AddMoneyActionNavigationBar.swift */ = {isa = PBXFileReference; lastKnownFileType = sourcecode.swift; path = AddMoneyActionNavigationBar.swift; sourceTree = "<group>"; };
		EE27C9CE24EBE369004130C9 /* CreateCategoryViewController.swift */ = {isa = PBXFileReference; lastKnownFileType = sourcecode.swift; path = CreateCategoryViewController.swift; sourceTree = "<group>"; };
		EE27C9D024EC225B004130C9 /* ChooseIconCollectionViewController.swift */ = {isa = PBXFileReference; lastKnownFileType = sourcecode.swift; path = ChooseIconCollectionViewController.swift; sourceTree = "<group>"; };
		EE27C9D224EC23B8004130C9 /* DataManager.swift */ = {isa = PBXFileReference; lastKnownFileType = sourcecode.swift; path = DataManager.swift; sourceTree = "<group>"; };
		EE27C9D424ED6670004130C9 /* IconCollectionViewCell.swift */ = {isa = PBXFileReference; lastKnownFileType = sourcecode.swift; path = IconCollectionViewCell.swift; sourceTree = "<group>"; };
		EE27C9D524ED6670004130C9 /* IconCollectionViewCellIB.xib */ = {isa = PBXFileReference; lastKnownFileType = file.xib; path = IconCollectionViewCellIB.xib; sourceTree = "<group>"; };
		EE3930DB24D98C80001B49D6 /* Extension + Double.swift */ = {isa = PBXFileReference; lastKnownFileType = sourcecode.swift; path = "Extension + Double.swift"; sourceTree = "<group>"; };
		EE3A83342519DE9400AF085F /* Protocols.swift */ = {isa = PBXFileReference; lastKnownFileType = sourcecode.swift; path = Protocols.swift; sourceTree = "<group>"; };
		EE40732724CDDE8900F52FE1 /* CalculaterScreen.swift */ = {isa = PBXFileReference; lastKnownFileType = sourcecode.swift; path = CalculaterScreen.swift; sourceTree = "<group>"; };
		EE40732924CDDEA500F52FE1 /* CalculaterScreenIB.xib */ = {isa = PBXFileReference; lastKnownFileType = file.xib; path = CalculaterScreenIB.xib; sourceTree = "<group>"; };
		EE51957524A39BD200F71F5C /* SaveMoney.app */ = {isa = PBXFileReference; explicitFileType = wrapper.application; includeInIndex = 0; path = SaveMoney.app; sourceTree = BUILT_PRODUCTS_DIR; };
		EE51957824A39BD200F71F5C /* AppDelegate.swift */ = {isa = PBXFileReference; lastKnownFileType = sourcecode.swift; path = AppDelegate.swift; sourceTree = "<group>"; };
		EE51957A24A39BD200F71F5C /* SceneDelegate.swift */ = {isa = PBXFileReference; lastKnownFileType = sourcecode.swift; path = SceneDelegate.swift; sourceTree = "<group>"; };
		EE51957C24A39BD200F71F5C /* MainMenuViewController.swift */ = {isa = PBXFileReference; lastKnownFileType = sourcecode.swift; path = MainMenuViewController.swift; sourceTree = "<group>"; };
		EE51957F24A39BD200F71F5C /* Base */ = {isa = PBXFileReference; lastKnownFileType = file.storyboard; name = Base; path = Base.lproj/Main.storyboard; sourceTree = "<group>"; };
		EE51958124A39BD500F71F5C /* Assets.xcassets */ = {isa = PBXFileReference; lastKnownFileType = folder.assetcatalog; path = Assets.xcassets; sourceTree = "<group>"; };
		EE51958424A39BD500F71F5C /* Base */ = {isa = PBXFileReference; lastKnownFileType = file.storyboard; name = Base; path = Base.lproj/LaunchScreen.storyboard; sourceTree = "<group>"; };
		EE51958624A39BD500F71F5C /* Info.plist */ = {isa = PBXFileReference; lastKnownFileType = text.plist.xml; path = Info.plist; sourceTree = "<group>"; };
		EE51958E24A39DBC00F71F5C /* Models.swift */ = {isa = PBXFileReference; lastKnownFileType = sourcecode.swift; path = Models.swift; sourceTree = "<group>"; };
		EE51959524A3B40D00F71F5C /* MainNavigationBarIB.xib */ = {isa = PBXFileReference; lastKnownFileType = file.xib; path = MainNavigationBarIB.xib; sourceTree = "<group>"; };
		EE51959824A3CDDB00F71F5C /* MainNavigationBar.swift */ = {isa = PBXFileReference; lastKnownFileType = sourcecode.swift; path = MainNavigationBar.swift; sourceTree = "<group>"; };
		EE68ACA22509197D00E95BE2 /* ChooseMoneyCategoryViewModel.swift */ = {isa = PBXFileReference; lastKnownFileType = sourcecode.swift; path = ChooseMoneyCategoryViewModel.swift; sourceTree = "<group>"; };
		EE68ACA4250920D800E95BE2 /* MoneyCategoryCollectionViewCellViewModel.swift */ = {isa = PBXFileReference; lastKnownFileType = sourcecode.swift; path = MoneyCategoryCollectionViewCellViewModel.swift; sourceTree = "<group>"; };
		EE68ACA6250925D100E95BE2 /* BetaMoneyCategoryCollectionViewCell.swift */ = {isa = PBXFileReference; lastKnownFileType = sourcecode.swift; path = BetaMoneyCategoryCollectionViewCell.swift; sourceTree = "<group>"; };
		EE68ACA7250925D100E95BE2 /* BetaMoneyCategoryCollectionViewCell.xib */ = {isa = PBXFileReference; lastKnownFileType = file.xib; path = BetaMoneyCategoryCollectionViewCell.xib; sourceTree = "<group>"; };
		EE68ACAB2509319A00E95BE2 /* AddMoneyActionViewModel.swift */ = {isa = PBXFileReference; lastKnownFileType = sourcecode.swift; path = AddMoneyActionViewModel.swift; sourceTree = "<group>"; };
		EE68ACAD25094CEE00E95BE2 /* PurchasesCategoryCollectionViewCellViewModel.swift */ = {isa = PBXFileReference; lastKnownFileType = sourcecode.swift; path = PurchasesCategoryCollectionViewCellViewModel.swift; sourceTree = "<group>"; };
		EE68ACAF250969D500E95BE2 /* AddIncomeViewController.swift */ = {isa = PBXFileReference; lastKnownFileType = sourcecode.swift; path = AddIncomeViewController.swift; sourceTree = "<group>"; };
		EE68ACB225096A0300E95BE2 /* AddIncomeViewModel.swift */ = {isa = PBXFileReference; lastKnownFileType = sourcecode.swift; path = AddIncomeViewModel.swift; sourceTree = "<group>"; };
		EE6CB971250D1230004A1FAA /* MainMenuViewModel.swift */ = {isa = PBXFileReference; lastKnownFileType = sourcecode.swift; path = MainMenuViewModel.swift; sourceTree = "<group>"; };
		EE6CB974250D2472004A1FAA /* CreateMoneyActionViewModel.swift */ = {isa = PBXFileReference; lastKnownFileType = sourcecode.swift; path = CreateMoneyActionViewModel.swift; sourceTree = "<group>"; };
		EE6CB976250D5315004A1FAA /* Boxing.swift */ = {isa = PBXFileReference; lastKnownFileType = sourcecode.swift; path = Boxing.swift; sourceTree = "<group>"; };
		EE6CB97A2510A040004A1FAA /* DetailCategoryViewModel.swift */ = {isa = PBXFileReference; lastKnownFileType = sourcecode.swift; path = DetailCategoryViewModel.swift; sourceTree = "<group>"; };
		EE6CB97C25110C1E004A1FAA /* DetailPurchasesTableViewCellViewModel.swift */ = {isa = PBXFileReference; lastKnownFileType = sourcecode.swift; path = DetailPurchasesTableViewCellViewModel.swift; sourceTree = "<group>"; };
		EE6CB97F25111045004A1FAA /* DetailCategoryFooterViewModel.swift */ = {isa = PBXFileReference; lastKnownFileType = sourcecode.swift; path = DetailCategoryFooterViewModel.swift; sourceTree = "<group>"; };
		EE6CB981251220A6004A1FAA /* EditMoneyActionViewModelProtocol.swift */ = {isa = PBXFileReference; lastKnownFileType = sourcecode.swift; path = EditMoneyActionViewModelProtocol.swift; sourceTree = "<group>"; };
		EE6CB98325122E12004A1FAA /* EditMoneyActionViewController.swift */ = {isa = PBXFileReference; lastKnownFileType = sourcecode.swift; path = EditMoneyActionViewController.swift; sourceTree = "<group>"; };
		EE6EB2C624C71C3000409A79 /* AddMoneyActionNavigationBarIB.xib */ = {isa = PBXFileReference; lastKnownFileType = file.xib; path = AddMoneyActionNavigationBarIB.xib; sourceTree = "<group>"; };
		EE6EB2CA24C86EDF00409A79 /* CalculateViewIB.xib */ = {isa = PBXFileReference; lastKnownFileType = file.xib; path = CalculateViewIB.xib; sourceTree = "<group>"; };
		EE7EB15624E3193600A10D5D /* DetailPurchasesTableViewCell.swift */ = {isa = PBXFileReference; lastKnownFileType = sourcecode.swift; path = DetailPurchasesTableViewCell.swift; sourceTree = "<group>"; };
		EE7EB15724E3193600A10D5D /* DetailPurchasesTableViewCell.xib */ = {isa = PBXFileReference; lastKnownFileType = file.xib; path = DetailPurchasesTableViewCell.xib; sourceTree = "<group>"; };
		EE7EB15B24E956D600A10D5D /* DetailAllCategoriesTableViewController.swift */ = {isa = PBXFileReference; lastKnownFileType = sourcecode.swift; path = DetailAllCategoriesTableViewController.swift; sourceTree = "<group>"; };
		EE93DB2F24A8FE11003F01DA /* PurchasesCategoryCollectionViewCell.swift */ = {isa = PBXFileReference; lastKnownFileType = sourcecode.swift; path = PurchasesCategoryCollectionViewCell.swift; sourceTree = "<group>"; };
		EE93DB3024A8FE11003F01DA /* PurchasesCategoryCollectionViewCell.xib */ = {isa = PBXFileReference; lastKnownFileType = file.xib; path = PurchasesCategoryCollectionViewCell.xib; sourceTree = "<group>"; };
		EECBE07924DDC04900513DD8 /* DateChooseViewIB.xib */ = {isa = PBXFileReference; lastKnownFileType = file.xib; path = DateChooseViewIB.xib; sourceTree = "<group>"; };
		EECBE07B24DDC46C00513DD8 /* DateChooseView.swift */ = {isa = PBXFileReference; lastKnownFileType = sourcecode.swift; path = DateChooseView.swift; sourceTree = "<group>"; };
		EECBE07E24DEEAD400513DD8 /* Extension + UIAlertController.swift */ = {isa = PBXFileReference; lastKnownFileType = sourcecode.swift; path = "Extension + UIAlertController.swift"; sourceTree = "<group>"; };
		EECBE08024DF003900513DD8 /* DatePickerViewController.swift */ = {isa = PBXFileReference; lastKnownFileType = sourcecode.swift; path = DatePickerViewController.swift; sourceTree = "<group>"; };
		EECBE08824E1ABFB00513DD8 /* DetailCategoryTableViewCell.swift */ = {isa = PBXFileReference; lastKnownFileType = sourcecode.swift; path = DetailCategoryTableViewCell.swift; sourceTree = "<group>"; };
		EECBE08924E1ABFB00513DD8 /* DetailCategoryTableViewCell.xib */ = {isa = PBXFileReference; lastKnownFileType = file.xib; path = DetailCategoryTableViewCell.xib; sourceTree = "<group>"; };
		EECBE08C24E1C34700513DD8 /* DetailCategoryFooter.swift */ = {isa = PBXFileReference; lastKnownFileType = sourcecode.swift; path = DetailCategoryFooter.swift; sourceTree = "<group>"; };
		EEE2EC7124F7DE0800644F8C /* Task.swift */ = {isa = PBXFileReference; lastKnownFileType = sourcecode.swift; path = Task.swift; sourceTree = "<group>"; };
		EEE2EC7324F7DFB600644F8C /* Extension + UITableViewCell.swift */ = {isa = PBXFileReference; lastKnownFileType = sourcecode.swift; path = "Extension + UITableViewCell.swift"; sourceTree = "<group>"; };
		EEE2EC7524F7E02800644F8C /* TaskListViewController.swift */ = {isa = PBXFileReference; lastKnownFileType = sourcecode.swift; path = TaskListViewController.swift; sourceTree = "<group>"; };
		EEE2EC7724F7E09200644F8C /* AlertController.swift */ = {isa = PBXFileReference; lastKnownFileType = sourcecode.swift; path = AlertController.swift; sourceTree = "<group>"; };
		EEE2EC7924F7E18B00644F8C /* TaskViewController.swift */ = {isa = PBXFileReference; lastKnownFileType = sourcecode.swift; path = TaskViewController.swift; sourceTree = "<group>"; };
		EEE2EC7B24F93F7600644F8C /* CategoryCreaterProtocol.swift */ = {isa = PBXFileReference; lastKnownFileType = sourcecode.swift; path = CategoryCreaterProtocol.swift; sourceTree = "<group>"; };
		EEE2EC7D24F94B5600644F8C /* MoneyActionFabricMethod.swift */ = {isa = PBXFileReference; lastKnownFileType = sourcecode.swift; path = MoneyActionFabricMethod.swift; sourceTree = "<group>"; };
		EEF3EA3B24CB22DC00C1B4DF /* CalculateView.swift */ = {isa = PBXFileReference; lastKnownFileType = sourcecode.swift; path = CalculateView.swift; sourceTree = "<group>"; };
		EEF7AB1A24A4F9A800FE5694 /* MoneyCategoryCollectionViewCell.swift */ = {isa = PBXFileReference; lastKnownFileType = sourcecode.swift; path = MoneyCategoryCollectionViewCell.swift; sourceTree = "<group>"; };
		EEF7AB1B24A4F9A800FE5694 /* MoneyCategoryCollectionViewCell.xib */ = {isa = PBXFileReference; lastKnownFileType = file.xib; path = MoneyCategoryCollectionViewCell.xib; sourceTree = "<group>"; };
		EEF81E4024BC74AC00C96B67 /* StorageManager.swift */ = {isa = PBXFileReference; lastKnownFileType = sourcecode.swift; path = StorageManager.swift; sourceTree = "<group>"; };
		EEF81E4524BCAAF500C96B67 /* DetailCategoryTableViewController.swift */ = {isa = PBXFileReference; lastKnownFileType = sourcecode.swift; path = DetailCategoryTableViewController.swift; sourceTree = "<group>"; };
		EEF81E4724BCB6ED00C96B67 /* SortManager.swift */ = {isa = PBXFileReference; lastKnownFileType = sourcecode.swift; path = SortManager.swift; sourceTree = "<group>"; };
		EEF81E4924BF2C9800C96B67 /* DateManager.swift */ = {isa = PBXFileReference; lastKnownFileType = sourcecode.swift; path = DateManager.swift; sourceTree = "<group>"; };
		EEF81E4E24C0A02A00C96B67 /* AddPurshasesViewController.swift */ = {isa = PBXFileReference; lastKnownFileType = sourcecode.swift; path = AddPurshasesViewController.swift; sourceTree = "<group>"; };
		EEF81E5024C435F600C96B67 /* CreateMoneyActionViewController.swift */ = {isa = PBXFileReference; lastKnownFileType = sourcecode.swift; path = CreateMoneyActionViewController.swift; sourceTree = "<group>"; };
		EEF81E5224C4389A00C96B67 /* Enums.swift */ = {isa = PBXFileReference; lastKnownFileType = sourcecode.swift; path = Enums.swift; sourceTree = "<group>"; };
		EEF81E5624C442D600C96B67 /* ChooseMoneyCategoryCollectionViewController.swift */ = {isa = PBXFileReference; lastKnownFileType = sourcecode.swift; path = ChooseMoneyCategoryCollectionViewController.swift; sourceTree = "<group>"; };
/* End PBXFileReference section */

/* Begin PBXFrameworksBuildPhase section */
		EE51957224A39BD200F71F5C /* Frameworks */ = {
			isa = PBXFrameworksBuildPhase;
			buildActionMask = 2147483647;
			files = (
				2972930C9310D2B2FCC3E5D0 /* Pods_SaveMoney.framework in Frameworks */,
			);
			runOnlyForDeploymentPostprocessing = 0;
		};
/* End PBXFrameworksBuildPhase section */

/* Begin PBXGroup section */
		6A7F39301E8468187707B42C /* Pods */ = {
			isa = PBXGroup;
			children = (
				7D24931120901F55B565C193 /* Pods-SaveMoney.debug.xcconfig */,
				2D9D56ED2A7D73F2ED84DBAF /* Pods-SaveMoney.release.xcconfig */,
			);
			path = Pods;
			sourceTree = "<group>";
		};
		E4494CE4F43AFC62AB9ACD73 /* Frameworks */ = {
			isa = PBXGroup;
			children = (
				673CF28F2CEE3E899DAAB31D /* Pods_SaveMoney.framework */,
			);
			name = Frameworks;
			sourceTree = "<group>";
		};
		EE08EB1624C6F02200626AEB /* AddMoneyActionNavBar */ = {
			isa = PBXGroup;
			children = (
				EE08EB1424C6EFF600626AEB /* AddMoneyActionNavigationBar.swift */,
				EE6EB2C624C71C3000409A79 /* AddMoneyActionNavigationBarIB.xib */,
			);
			path = AddMoneyActionNavBar;
			sourceTree = "<group>";
		};
		EE27C9D824ED6677004130C9 /* IconCollectionCell */ = {
			isa = PBXGroup;
			children = (
				EE27C9D424ED6670004130C9 /* IconCollectionViewCell.swift */,
				EE27C9D524ED6670004130C9 /* IconCollectionViewCellIB.xib */,
			);
			path = IconCollectionCell;
			sourceTree = "<group>";
		};
		EE40732B24CDDEB600F52FE1 /* CalculateScreen */ = {
			isa = PBXGroup;
			children = (
				EE40732724CDDE8900F52FE1 /* CalculaterScreen.swift */,
				EE40732924CDDEA500F52FE1 /* CalculaterScreenIB.xib */,
			);
			path = CalculateScreen;
			sourceTree = "<group>";
		};
		EE51956C24A39BD200F71F5C = {
			isa = PBXGroup;
			children = (
				EE51957724A39BD200F71F5C /* SaveMoney */,
				EE51957624A39BD200F71F5C /* Products */,
				6A7F39301E8468187707B42C /* Pods */,
				E4494CE4F43AFC62AB9ACD73 /* Frameworks */,
			);
			sourceTree = "<group>";
		};
		EE51957624A39BD200F71F5C /* Products */ = {
			isa = PBXGroup;
			children = (
				EE51957524A39BD200F71F5C /* SaveMoney.app */,
			);
			name = Products;
			sourceTree = "<group>";
		};
		EE51957724A39BD200F71F5C /* SaveMoney */ = {
			isa = PBXGroup;
			children = (
				EECBE08024DF003900513DD8 /* DatePickerViewController.swift */,
				EE51957824A39BD200F71F5C /* AppDelegate.swift */,
				EECBE07D24DDC48000513DD8 /* DateChooseView */,
				EE51957A24A39BD200F71F5C /* SceneDelegate.swift */,
				EEF81E4B24C0689400C96B67 /* Managers */,
				EEF81E4424BCA91600C96B67 /* ViewControllers */,
				EE51959024A39F5B00F71F5C /* Models */,
				EE51957E24A39BD200F71F5C /* Main.storyboard */,
				EE08EB1624C6F02200626AEB /* AddMoneyActionNavBar */,
				EE93DB3324A8FE17003F01DA /* PurchasesCategoryCollectionCell */,
				EE51959724A3B41C00F71F5C /* MainNavigationControoler */,
				EE51958124A39BD500F71F5C /* Assets.xcassets */,
				EEF7AB1E24A4F9AD00FE5694 /* MoneyCategoryCell */,
				EE51958324A39BD500F71F5C /* LaunchScreen.storyboard */,
				EE51958624A39BD500F71F5C /* Info.plist */,
				EEF81E5224C4389A00C96B67 /* Enums.swift */,
				EEF3EA3D24CB242200C1B4DF /* Calculate */,
				EE40732B24CDDEB600F52FE1 /* CalculateScreen */,
				EECBE08724E192A700513DD8 /* Extensions */,
				EECBE08424E18FE000513DD8 /* DetailMoneyCategoryCell */,
				EE6CB97E25111018004A1FAA /* DetailCategoryFooter */,
				EE7EB15A24E31D3C00A10D5D /* DetailPurchasesTableViewCell */,
				EE27C9D824ED6677004130C9 /* IconCollectionCell */,
				EEE2EC7724F7E09200644F8C /* AlertController.swift */,
				EE3A83342519DE9400AF085F /* Protocols.swift */,
			);
			path = SaveMoney;
			sourceTree = "<group>";
		};
		EE51959024A39F5B00F71F5C /* Models */ = {
			isa = PBXGroup;
			children = (
				EE51958E24A39DBC00F71F5C /* Models.swift */,
				EEE2EC7124F7DE0800644F8C /* Task.swift */,
			);
			path = Models;
			sourceTree = "<group>";
		};
		EE51959724A3B41C00F71F5C /* MainNavigationControoler */ = {
			isa = PBXGroup;
			children = (
				EE51959524A3B40D00F71F5C /* MainNavigationBarIB.xib */,
				EE51959824A3CDDB00F71F5C /* MainNavigationBar.swift */,
			);
			path = MainNavigationControoler;
			sourceTree = "<group>";
		};
		EE68ACA12509193A00E95BE2 /* ChooseMoneyCategoryCollection */ = {
			isa = PBXGroup;
			children = (
				EEF81E5624C442D600C96B67 /* ChooseMoneyCategoryCollectionViewController.swift */,
				EE68ACA22509197D00E95BE2 /* ChooseMoneyCategoryViewModel.swift */,
			);
			path = ChooseMoneyCategoryCollection;
			sourceTree = "<group>";
		};
		EE68ACAA2509314700E95BE2 /* AddPuchases */ = {
			isa = PBXGroup;
			children = (
				EEF81E4E24C0A02A00C96B67 /* AddPurshasesViewController.swift */,
				EE68ACAB2509319A00E95BE2 /* AddMoneyActionViewModel.swift */,
			);
			path = AddPuchases;
			sourceTree = "<group>";
		};
		EE68ACB1250969DB00E95BE2 /* AddIncome */ = {
			isa = PBXGroup;
			children = (
				EE68ACAF250969D500E95BE2 /* AddIncomeViewController.swift */,
				EE68ACB225096A0300E95BE2 /* AddIncomeViewModel.swift */,
			);
			path = AddIncome;
			sourceTree = "<group>";
		};
		EE6CB970250D11FE004A1FAA /* MainMenu */ = {
			isa = PBXGroup;
			children = (
				EE51957C24A39BD200F71F5C /* MainMenuViewController.swift */,
				EE6CB971250D1230004A1FAA /* MainMenuViewModel.swift */,
			);
			path = MainMenu;
			sourceTree = "<group>";
		};
		EE6CB973250D242A004A1FAA /* CreateMoneyAction */ = {
			isa = PBXGroup;
			children = (
				EEF81E5024C435F600C96B67 /* CreateMoneyActionViewController.swift */,
				EE6CB974250D2472004A1FAA /* CreateMoneyActionViewModel.swift */,
				EE6CB976250D5315004A1FAA /* Boxing.swift */,
			);
			path = CreateMoneyAction;
			sourceTree = "<group>";
		};
		EE6CB97925109FEB004A1FAA /* DetailCategory */ = {
			isa = PBXGroup;
			children = (
				EEF81E4524BCAAF500C96B67 /* DetailCategoryTableViewController.swift */,
				EE6CB97A2510A040004A1FAA /* DetailCategoryViewModel.swift */,
			);
			path = DetailCategory;
			sourceTree = "<group>";
		};
		EE6CB97E25111018004A1FAA /* DetailCategoryFooter */ = {
			isa = PBXGroup;
			children = (
				EECBE08C24E1C34700513DD8 /* DetailCategoryFooter.swift */,
				EE6CB97F25111045004A1FAA /* DetailCategoryFooterViewModel.swift */,
			);
			path = DetailCategoryFooter;
			sourceTree = "<group>";
		};
		EE6CB98525122E1A004A1FAA /* EditMoneyAction */ = {
			isa = PBXGroup;
			children = (
				EE6CB981251220A6004A1FAA /* EditMoneyActionViewModelProtocol.swift */,
				EE6CB98325122E12004A1FAA /* EditMoneyActionViewController.swift */,
			);
			path = EditMoneyAction;
			sourceTree = "<group>";
		};
		EE7EB15A24E31D3C00A10D5D /* DetailPurchasesTableViewCell */ = {
			isa = PBXGroup;
			children = (
				EE7EB15724E3193600A10D5D /* DetailPurchasesTableViewCell.xib */,
				EE7EB15624E3193600A10D5D /* DetailPurchasesTableViewCell.swift */,
				EE6CB97C25110C1E004A1FAA /* DetailPurchasesTableViewCellViewModel.swift */,
			);
			path = DetailPurchasesTableViewCell;
			sourceTree = "<group>";
		};
		EE93DB3324A8FE17003F01DA /* PurchasesCategoryCollectionCell */ = {
			isa = PBXGroup;
			children = (
				EE93DB2F24A8FE11003F01DA /* PurchasesCategoryCollectionViewCell.swift */,
				EE93DB3024A8FE11003F01DA /* PurchasesCategoryCollectionViewCell.xib */,
				EE68ACAD25094CEE00E95BE2 /* PurchasesCategoryCollectionViewCellViewModel.swift */,
			);
			path = PurchasesCategoryCollectionCell;
			sourceTree = "<group>";
		};
		EECBE07D24DDC48000513DD8 /* DateChooseView */ = {
			isa = PBXGroup;
			children = (
				EECBE07924DDC04900513DD8 /* DateChooseViewIB.xib */,
				EECBE07B24DDC46C00513DD8 /* DateChooseView.swift */,
			);
			path = DateChooseView;
			sourceTree = "<group>";
		};
		EECBE08424E18FE000513DD8 /* DetailMoneyCategoryCell */ = {
			isa = PBXGroup;
			children = (
				EECBE08824E1ABFB00513DD8 /* DetailCategoryTableViewCell.swift */,
				EECBE08924E1ABFB00513DD8 /* DetailCategoryTableViewCell.xib */,
			);
			path = DetailMoneyCategoryCell;
			sourceTree = "<group>";
		};
		EECBE08724E192A700513DD8 /* Extensions */ = {
			isa = PBXGroup;
			children = (
				EE3930DB24D98C80001B49D6 /* Extension + Double.swift */,
				EECBE07E24DEEAD400513DD8 /* Extension + UIAlertController.swift */,
				EEE2EC7324F7DFB600644F8C /* Extension + UITableViewCell.swift */,
			);
			path = Extensions;
			sourceTree = "<group>";
		};
		EEF3EA3D24CB242200C1B4DF /* Calculate */ = {
			isa = PBXGroup;
			children = (
				EE6EB2CA24C86EDF00409A79 /* CalculateViewIB.xib */,
				EEF3EA3B24CB22DC00C1B4DF /* CalculateView.swift */,
			);
			path = Calculate;
			sourceTree = "<group>";
		};
		EEF7AB1E24A4F9AD00FE5694 /* MoneyCategoryCell */ = {
			isa = PBXGroup;
			children = (
				EE68ACA4250920D800E95BE2 /* MoneyCategoryCollectionViewCellViewModel.swift */,
				EEF7AB1A24A4F9A800FE5694 /* MoneyCategoryCollectionViewCell.swift */,
				EEF7AB1B24A4F9A800FE5694 /* MoneyCategoryCollectionViewCell.xib */,
				EE68ACA6250925D100E95BE2 /* BetaMoneyCategoryCollectionViewCell.swift */,
				EE68ACA7250925D100E95BE2 /* BetaMoneyCategoryCollectionViewCell.xib */,
			);
			path = MoneyCategoryCell;
			sourceTree = "<group>";
		};
		EEF81E4424BCA91600C96B67 /* ViewControllers */ = {
			isa = PBXGroup;
			children = (
				EE6CB970250D11FE004A1FAA /* MainMenu */,
				EE68ACAA2509314700E95BE2 /* AddPuchases */,
				EE7EB15B24E956D600A10D5D /* DetailAllCategoriesTableViewController.swift */,
				EE6CB97925109FEB004A1FAA /* DetailCategory */,
				EE6CB973250D242A004A1FAA /* CreateMoneyAction */,
				EE68ACA12509193A00E95BE2 /* ChooseMoneyCategoryCollection */,
				EE27C9CE24EBE369004130C9 /* CreateCategoryViewController.swift */,
				EE27C9D024EC225B004130C9 /* ChooseIconCollectionViewController.swift */,
				EEE2EC7524F7E02800644F8C /* TaskListViewController.swift */,
				EEE2EC7924F7E18B00644F8C /* TaskViewController.swift */,
				EE68ACB1250969DB00E95BE2 /* AddIncome */,
			);
			path = ViewControllers;
			sourceTree = "<group>";
		};
		EEF81E4B24C0689400C96B67 /* Managers */ = {
			isa = PBXGroup;
			children = (
				EEF81E4024BC74AC00C96B67 /* StorageManager.swift */,
				EEF81E4724BCB6ED00C96B67 /* SortManager.swift */,
				EEF81E4924BF2C9800C96B67 /* DateManager.swift */,
				EE27C9D224EC23B8004130C9 /* DataManager.swift */,
				EEE2EC7B24F93F7600644F8C /* CategoryCreaterProtocol.swift */,
				EEE2EC7D24F94B5600644F8C /* MoneyActionFabricMethod.swift */,
				EE6CB98525122E1A004A1FAA /* EditMoneyAction */,
			);
			path = Managers;
			sourceTree = "<group>";
		};
/* End PBXGroup section */

/* Begin PBXNativeTarget section */
		EE51957424A39BD200F71F5C /* SaveMoney */ = {
			isa = PBXNativeTarget;
			buildConfigurationList = EE51958924A39BD500F71F5C /* Build configuration list for PBXNativeTarget "SaveMoney" */;
			buildPhases = (
				ADBDD0482ED60F3ABDB64FDC /* [CP] Check Pods Manifest.lock */,
				EE51957124A39BD200F71F5C /* Sources */,
				EE51957224A39BD200F71F5C /* Frameworks */,
				EE51957324A39BD200F71F5C /* Resources */,
				3439F863881CEF2E048465D9 /* [CP] Embed Pods Frameworks */,
			);
			buildRules = (
			);
			dependencies = (
			);
			name = SaveMoney;
			productName = SaveMoney;
			productReference = EE51957524A39BD200F71F5C /* SaveMoney.app */;
			productType = "com.apple.product-type.application";
		};
/* End PBXNativeTarget section */

/* Begin PBXProject section */
		EE51956D24A39BD200F71F5C /* Project object */ = {
			isa = PBXProject;
			attributes = {
				LastSwiftUpdateCheck = 1140;
				LastUpgradeCheck = 1140;
				ORGANIZATIONNAME = "Кирилл Крамар";
				TargetAttributes = {
					EE51957424A39BD200F71F5C = {
						CreatedOnToolsVersion = 11.4;
					};
				};
			};
			buildConfigurationList = EE51957024A39BD200F71F5C /* Build configuration list for PBXProject "SaveMoney" */;
			compatibilityVersion = "Xcode 9.3";
			developmentRegion = en;
			hasScannedForEncodings = 0;
			knownRegions = (
				en,
				Base,
			);
			mainGroup = EE51956C24A39BD200F71F5C;
			productRefGroup = EE51957624A39BD200F71F5C /* Products */;
			projectDirPath = "";
			projectRoot = "";
			targets = (
				EE51957424A39BD200F71F5C /* SaveMoney */,
			);
		};
/* End PBXProject section */

/* Begin PBXResourcesBuildPhase section */
		EE51957324A39BD200F71F5C /* Resources */ = {
			isa = PBXResourcesBuildPhase;
			buildActionMask = 2147483647;
			files = (
				EE6EB2CB24C86EDF00409A79 /* CalculateViewIB.xib in Resources */,
				EE51958524A39BD500F71F5C /* LaunchScreen.storyboard in Resources */,
				EECBE08B24E1ABFB00513DD8 /* DetailCategoryTableViewCell.xib in Resources */,
				EE27C9D724ED6670004130C9 /* IconCollectionViewCellIB.xib in Resources */,
				EEF7AB1D24A4F9A800FE5694 /* MoneyCategoryCollectionViewCell.xib in Resources */,
				EE68ACA9250925D100E95BE2 /* BetaMoneyCategoryCollectionViewCell.xib in Resources */,
				EECBE07A24DDC04900513DD8 /* DateChooseViewIB.xib in Resources */,
				EE51958224A39BD500F71F5C /* Assets.xcassets in Resources */,
				EE7EB15924E3193600A10D5D /* DetailPurchasesTableViewCell.xib in Resources */,
				EE93DB3224A8FE11003F01DA /* PurchasesCategoryCollectionViewCell.xib in Resources */,
				EE51959624A3B40D00F71F5C /* MainNavigationBarIB.xib in Resources */,
				EE40732A24CDDEA500F52FE1 /* CalculaterScreenIB.xib in Resources */,
				EE6EB2C724C71C3000409A79 /* AddMoneyActionNavigationBarIB.xib in Resources */,
				EE51958024A39BD200F71F5C /* Main.storyboard in Resources */,
			);
			runOnlyForDeploymentPostprocessing = 0;
		};
/* End PBXResourcesBuildPhase section */

/* Begin PBXShellScriptBuildPhase section */
		3439F863881CEF2E048465D9 /* [CP] Embed Pods Frameworks */ = {
			isa = PBXShellScriptBuildPhase;
			buildActionMask = 2147483647;
			files = (
			);
			inputFileListPaths = (
				"${PODS_ROOT}/Target Support Files/Pods-SaveMoney/Pods-SaveMoney-frameworks-${CONFIGURATION}-input-files.xcfilelist",
			);
			name = "[CP] Embed Pods Frameworks";
			outputFileListPaths = (
				"${PODS_ROOT}/Target Support Files/Pods-SaveMoney/Pods-SaveMoney-frameworks-${CONFIGURATION}-output-files.xcfilelist",
			);
			runOnlyForDeploymentPostprocessing = 0;
			shellPath = /bin/sh;
			shellScript = "\"${PODS_ROOT}/Target Support Files/Pods-SaveMoney/Pods-SaveMoney-frameworks.sh\"\n";
			showEnvVarsInLog = 0;
		};
		ADBDD0482ED60F3ABDB64FDC /* [CP] Check Pods Manifest.lock */ = {
			isa = PBXShellScriptBuildPhase;
			buildActionMask = 2147483647;
			files = (
			);
			inputFileListPaths = (
			);
			inputPaths = (
				"${PODS_PODFILE_DIR_PATH}/Podfile.lock",
				"${PODS_ROOT}/Manifest.lock",
			);
			name = "[CP] Check Pods Manifest.lock";
			outputFileListPaths = (
			);
			outputPaths = (
				"$(DERIVED_FILE_DIR)/Pods-SaveMoney-checkManifestLockResult.txt",
			);
			runOnlyForDeploymentPostprocessing = 0;
			shellPath = /bin/sh;
			shellScript = "diff \"${PODS_PODFILE_DIR_PATH}/Podfile.lock\" \"${PODS_ROOT}/Manifest.lock\" > /dev/null\nif [ $? != 0 ] ; then\n    # print error to STDERR\n    echo \"error: The sandbox is not in sync with the Podfile.lock. Run 'pod install' or update your CocoaPods installation.\" >&2\n    exit 1\nfi\n# This output is used by Xcode 'outputs' to avoid re-running this script phase.\necho \"SUCCESS\" > \"${SCRIPT_OUTPUT_FILE_0}\"\n";
			showEnvVarsInLog = 0;
		};
/* End PBXShellScriptBuildPhase section */

/* Begin PBXSourcesBuildPhase section */
		EE51957124A39BD200F71F5C /* Sources */ = {
			isa = PBXSourcesBuildPhase;
			buildActionMask = 2147483647;
			files = (
				EE27C9D324EC23B8004130C9 /* DataManager.swift in Sources */,
				EECBE08A24E1ABFB00513DD8 /* DetailCategoryTableViewCell.swift in Sources */,
				EE51957D24A39BD200F71F5C /* MainMenuViewController.swift in Sources */,
				EEF81E4A24BF2C9800C96B67 /* DateManager.swift in Sources */,
				EE6CB977250D5315004A1FAA /* Boxing.swift in Sources */,
				EE6CB97B2510A040004A1FAA /* DetailCategoryViewModel.swift in Sources */,
				EE3A83352519DE9400AF085F /* Protocols.swift in Sources */,
				EE51957924A39BD200F71F5C /* AppDelegate.swift in Sources */,
				EEF81E5124C435F600C96B67 /* CreateMoneyActionViewController.swift in Sources */,
				EEF81E4824BCB6ED00C96B67 /* SortManager.swift in Sources */,
				EE6CB98425122E12004A1FAA /* EditMoneyActionViewController.swift in Sources */,
				EE51959924A3CDDB00F71F5C /* MainNavigationBar.swift in Sources */,
				EE68ACAC2509319A00E95BE2 /* AddMoneyActionViewModel.swift in Sources */,
				EEE2EC7824F7E09200644F8C /* AlertController.swift in Sources */,
				EEF81E4124BC74AC00C96B67 /* StorageManager.swift in Sources */,
				EEF81E5324C4389A00C96B67 /* Enums.swift in Sources */,
				EE93DB3124A8FE11003F01DA /* PurchasesCategoryCollectionViewCell.swift in Sources */,
				EE27C9D624ED6670004130C9 /* IconCollectionViewCell.swift in Sources */,
				EE68ACA8250925D100E95BE2 /* BetaMoneyCategoryCollectionViewCell.swift in Sources */,
				EECBE07C24DDC46C00513DD8 /* DateChooseView.swift in Sources */,
				EEE2EC7C24F93F7600644F8C /* CategoryCreaterProtocol.swift in Sources */,
				EE6CB972250D1230004A1FAA /* MainMenuViewModel.swift in Sources */,
				EECBE08D24E1C34700513DD8 /* DetailCategoryFooter.swift in Sources */,
				EE68ACAE25094CEE00E95BE2 /* PurchasesCategoryCollectionViewCellViewModel.swift in Sources */,
				EE6CB975250D2472004A1FAA /* CreateMoneyActionViewModel.swift in Sources */,
				EE51958F24A39DBC00F71F5C /* Models.swift in Sources */,
				EE6CB97D25110C1E004A1FAA /* DetailPurchasesTableViewCellViewModel.swift in Sources */,
				EEE2EC7424F7DFB600644F8C /* Extension + UITableViewCell.swift in Sources */,
				EE3930DC24D98C80001B49D6 /* Extension + Double.swift in Sources */,
				EEE2EC7E24F94B5600644F8C /* MoneyActionFabricMethod.swift in Sources */,
				EE68ACA32509197D00E95BE2 /* ChooseMoneyCategoryViewModel.swift in Sources */,
				EE40732824CDDE8900F52FE1 /* CalculaterScreen.swift in Sources */,
				EECBE07F24DEEAD400513DD8 /* Extension + UIAlertController.swift in Sources */,
				EEF81E4624BCAAF500C96B67 /* DetailCategoryTableViewController.swift in Sources */,
				EE7EB15C24E956D600A10D5D /* DetailAllCategoriesTableViewController.swift in Sources */,
				EEE2EC7A24F7E18B00644F8C /* TaskViewController.swift in Sources */,
				EE68ACA5250920D800E95BE2 /* MoneyCategoryCollectionViewCellViewModel.swift in Sources */,
				EE08EB1524C6EFF600626AEB /* AddMoneyActionNavigationBar.swift in Sources */,
				EE68ACB325096A0300E95BE2 /* AddIncomeViewModel.swift in Sources */,
				EE6CB982251220A6004A1FAA /* EditMoneyActionViewModelProtocol.swift in Sources */,
				EEF3EA3C24CB22DC00C1B4DF /* CalculateView.swift in Sources */,
				EEE2EC7624F7E02800644F8C /* TaskListViewController.swift in Sources */,
				EEE2EC7224F7DE0800644F8C /* Task.swift in Sources */,
				EE27C9D124EC225B004130C9 /* ChooseIconCollectionViewController.swift in Sources */,
				EEF81E4F24C0A02A00C96B67 /* AddPurshasesViewController.swift in Sources */,
				EE51957B24A39BD200F71F5C /* SceneDelegate.swift in Sources */,
				EECBE08124DF003900513DD8 /* DatePickerViewController.swift in Sources */,
				EE6CB98025111045004A1FAA /* DetailCategoryFooterViewModel.swift in Sources */,
				EEF81E5724C442D600C96B67 /* ChooseMoneyCategoryCollectionViewController.swift in Sources */,
				EE27C9CF24EBE369004130C9 /* CreateCategoryViewController.swift in Sources */,
				EE68ACB0250969D500E95BE2 /* AddIncomeViewController.swift in Sources */,
				EEF7AB1C24A4F9A800FE5694 /* MoneyCategoryCollectionViewCell.swift in Sources */,
				EE7EB15824E3193600A10D5D /* DetailPurchasesTableViewCell.swift in Sources */,
			);
			runOnlyForDeploymentPostprocessing = 0;
		};
/* End PBXSourcesBuildPhase section */

/* Begin PBXVariantGroup section */
		EE51957E24A39BD200F71F5C /* Main.storyboard */ = {
			isa = PBXVariantGroup;
			children = (
				EE51957F24A39BD200F71F5C /* Base */,
			);
			name = Main.storyboard;
			sourceTree = "<group>";
		};
		EE51958324A39BD500F71F5C /* LaunchScreen.storyboard */ = {
			isa = PBXVariantGroup;
			children = (
				EE51958424A39BD500F71F5C /* Base */,
			);
			name = LaunchScreen.storyboard;
			sourceTree = "<group>";
		};
/* End PBXVariantGroup section */

/* Begin XCBuildConfiguration section */
		EE51958724A39BD500F71F5C /* Debug */ = {
			isa = XCBuildConfiguration;
			buildSettings = {
				ALWAYS_SEARCH_USER_PATHS = NO;
				CLANG_ANALYZER_NONNULL = YES;
				CLANG_ANALYZER_NUMBER_OBJECT_CONVERSION = YES_AGGRESSIVE;
				CLANG_CXX_LANGUAGE_STANDARD = "gnu++14";
				CLANG_CXX_LIBRARY = "libc++";
				CLANG_ENABLE_MODULES = YES;
				CLANG_ENABLE_OBJC_ARC = YES;
				CLANG_ENABLE_OBJC_WEAK = YES;
				CLANG_WARN_BLOCK_CAPTURE_AUTORELEASING = YES;
				CLANG_WARN_BOOL_CONVERSION = YES;
				CLANG_WARN_COMMA = YES;
				CLANG_WARN_CONSTANT_CONVERSION = YES;
				CLANG_WARN_DEPRECATED_OBJC_IMPLEMENTATIONS = YES;
				CLANG_WARN_DIRECT_OBJC_ISA_USAGE = YES_ERROR;
				CLANG_WARN_DOCUMENTATION_COMMENTS = YES;
				CLANG_WARN_EMPTY_BODY = YES;
				CLANG_WARN_ENUM_CONVERSION = YES;
				CLANG_WARN_INFINITE_RECURSION = YES;
				CLANG_WARN_INT_CONVERSION = YES;
				CLANG_WARN_NON_LITERAL_NULL_CONVERSION = YES;
				CLANG_WARN_OBJC_IMPLICIT_RETAIN_SELF = YES;
				CLANG_WARN_OBJC_LITERAL_CONVERSION = YES;
				CLANG_WARN_OBJC_ROOT_CLASS = YES_ERROR;
				CLANG_WARN_RANGE_LOOP_ANALYSIS = YES;
				CLANG_WARN_STRICT_PROTOTYPES = YES;
				CLANG_WARN_SUSPICIOUS_MOVE = YES;
				CLANG_WARN_UNGUARDED_AVAILABILITY = YES_AGGRESSIVE;
				CLANG_WARN_UNREACHABLE_CODE = YES;
				CLANG_WARN__DUPLICATE_METHOD_MATCH = YES;
				COPY_PHASE_STRIP = NO;
				DEBUG_INFORMATION_FORMAT = dwarf;
				ENABLE_STRICT_OBJC_MSGSEND = YES;
				ENABLE_TESTABILITY = YES;
				GCC_C_LANGUAGE_STANDARD = gnu11;
				GCC_DYNAMIC_NO_PIC = NO;
				GCC_NO_COMMON_BLOCKS = YES;
				GCC_OPTIMIZATION_LEVEL = 0;
				GCC_PREPROCESSOR_DEFINITIONS = (
					"DEBUG=1",
					"$(inherited)",
				);
				GCC_WARN_64_TO_32_BIT_CONVERSION = YES;
				GCC_WARN_ABOUT_RETURN_TYPE = YES_ERROR;
				GCC_WARN_UNDECLARED_SELECTOR = YES;
				GCC_WARN_UNINITIALIZED_AUTOS = YES_AGGRESSIVE;
				GCC_WARN_UNUSED_FUNCTION = YES;
				GCC_WARN_UNUSED_VARIABLE = YES;
				IPHONEOS_DEPLOYMENT_TARGET = 13.4;
				MTL_ENABLE_DEBUG_INFO = INCLUDE_SOURCE;
				MTL_FAST_MATH = YES;
				ONLY_ACTIVE_ARCH = YES;
				SDKROOT = iphoneos;
				SWIFT_ACTIVE_COMPILATION_CONDITIONS = DEBUG;
				SWIFT_OPTIMIZATION_LEVEL = "-Onone";
			};
			name = Debug;
		};
		EE51958824A39BD500F71F5C /* Release */ = {
			isa = XCBuildConfiguration;
			buildSettings = {
				ALWAYS_SEARCH_USER_PATHS = NO;
				CLANG_ANALYZER_NONNULL = YES;
				CLANG_ANALYZER_NUMBER_OBJECT_CONVERSION = YES_AGGRESSIVE;
				CLANG_CXX_LANGUAGE_STANDARD = "gnu++14";
				CLANG_CXX_LIBRARY = "libc++";
				CLANG_ENABLE_MODULES = YES;
				CLANG_ENABLE_OBJC_ARC = YES;
				CLANG_ENABLE_OBJC_WEAK = YES;
				CLANG_WARN_BLOCK_CAPTURE_AUTORELEASING = YES;
				CLANG_WARN_BOOL_CONVERSION = YES;
				CLANG_WARN_COMMA = YES;
				CLANG_WARN_CONSTANT_CONVERSION = YES;
				CLANG_WARN_DEPRECATED_OBJC_IMPLEMENTATIONS = YES;
				CLANG_WARN_DIRECT_OBJC_ISA_USAGE = YES_ERROR;
				CLANG_WARN_DOCUMENTATION_COMMENTS = YES;
				CLANG_WARN_EMPTY_BODY = YES;
				CLANG_WARN_ENUM_CONVERSION = YES;
				CLANG_WARN_INFINITE_RECURSION = YES;
				CLANG_WARN_INT_CONVERSION = YES;
				CLANG_WARN_NON_LITERAL_NULL_CONVERSION = YES;
				CLANG_WARN_OBJC_IMPLICIT_RETAIN_SELF = YES;
				CLANG_WARN_OBJC_LITERAL_CONVERSION = YES;
				CLANG_WARN_OBJC_ROOT_CLASS = YES_ERROR;
				CLANG_WARN_RANGE_LOOP_ANALYSIS = YES;
				CLANG_WARN_STRICT_PROTOTYPES = YES;
				CLANG_WARN_SUSPICIOUS_MOVE = YES;
				CLANG_WARN_UNGUARDED_AVAILABILITY = YES_AGGRESSIVE;
				CLANG_WARN_UNREACHABLE_CODE = YES;
				CLANG_WARN__DUPLICATE_METHOD_MATCH = YES;
				COPY_PHASE_STRIP = NO;
				DEBUG_INFORMATION_FORMAT = "dwarf-with-dsym";
				ENABLE_NS_ASSERTIONS = NO;
				ENABLE_STRICT_OBJC_MSGSEND = YES;
				GCC_C_LANGUAGE_STANDARD = gnu11;
				GCC_NO_COMMON_BLOCKS = YES;
				GCC_WARN_64_TO_32_BIT_CONVERSION = YES;
				GCC_WARN_ABOUT_RETURN_TYPE = YES_ERROR;
				GCC_WARN_UNDECLARED_SELECTOR = YES;
				GCC_WARN_UNINITIALIZED_AUTOS = YES_AGGRESSIVE;
				GCC_WARN_UNUSED_FUNCTION = YES;
				GCC_WARN_UNUSED_VARIABLE = YES;
				IPHONEOS_DEPLOYMENT_TARGET = 13.4;
				MTL_ENABLE_DEBUG_INFO = NO;
				MTL_FAST_MATH = YES;
				SDKROOT = iphoneos;
				SWIFT_COMPILATION_MODE = wholemodule;
				SWIFT_OPTIMIZATION_LEVEL = "-O";
				VALIDATE_PRODUCT = YES;
			};
			name = Release;
		};
		EE51958A24A39BD500F71F5C /* Debug */ = {
			isa = XCBuildConfiguration;
			baseConfigurationReference = 7D24931120901F55B565C193 /* Pods-SaveMoney.debug.xcconfig */;
			buildSettings = {
				ASSETCATALOG_COMPILER_APPICON_NAME = AppIcon;
				CODE_SIGN_STYLE = Automatic;
				INFOPLIST_FILE = SaveMoney/Info.plist;
				LD_RUNPATH_SEARCH_PATHS = (
					"$(inherited)",
					"@executable_path/Frameworks",
				);
				PRODUCT_BUNDLE_IDENTIFIER = cnecie.SaveMoney;
				PRODUCT_NAME = "$(TARGET_NAME)";
				SWIFT_VERSION = 5.0;
				TARGETED_DEVICE_FAMILY = "1,2";
			};
			name = Debug;
		};
		EE51958B24A39BD500F71F5C /* Release */ = {
			isa = XCBuildConfiguration;
			baseConfigurationReference = 2D9D56ED2A7D73F2ED84DBAF /* Pods-SaveMoney.release.xcconfig */;
			buildSettings = {
				ASSETCATALOG_COMPILER_APPICON_NAME = AppIcon;
				CODE_SIGN_STYLE = Automatic;
				INFOPLIST_FILE = SaveMoney/Info.plist;
				LD_RUNPATH_SEARCH_PATHS = (
					"$(inherited)",
					"@executable_path/Frameworks",
				);
				PRODUCT_BUNDLE_IDENTIFIER = cnecie.SaveMoney;
				PRODUCT_NAME = "$(TARGET_NAME)";
				SWIFT_VERSION = 5.0;
				TARGETED_DEVICE_FAMILY = "1,2";
			};
			name = Release;
		};
/* End XCBuildConfiguration section */

/* Begin XCConfigurationList section */
		EE51957024A39BD200F71F5C /* Build configuration list for PBXProject "SaveMoney" */ = {
			isa = XCConfigurationList;
			buildConfigurations = (
				EE51958724A39BD500F71F5C /* Debug */,
				EE51958824A39BD500F71F5C /* Release */,
			);
			defaultConfigurationIsVisible = 0;
			defaultConfigurationName = Release;
		};
		EE51958924A39BD500F71F5C /* Build configuration list for PBXNativeTarget "SaveMoney" */ = {
			isa = XCConfigurationList;
			buildConfigurations = (
				EE51958A24A39BD500F71F5C /* Debug */,
				EE51958B24A39BD500F71F5C /* Release */,
			);
			defaultConfigurationIsVisible = 0;
			defaultConfigurationName = Release;
		};
/* End XCConfigurationList section */
	};
	rootObject = EE51956D24A39BD200F71F5C /* Project object */;
}
